// !$*UTF8*$!
{
	archiveVersion = 1;
	classes = {
	};
	objectVersion = 56;
	objects = {

/* Begin PBXBuildFile section */
		0013C35791FF3D32612DD64E /* Pods_MovieTime.framework in Frameworks */ = {isa = PBXBuildFile; fileRef = 54BD298F3BBB263F13CE27C3 /* Pods_MovieTime.framework */; };
		AC9103182A0EB63300B76BB3 /* SearchViewModel.swift in Sources */ = {isa = PBXBuildFile; fileRef = AC9103172A0EB63300B76BB3 /* SearchViewModel.swift */; };
		AC91031B2A0EBBA000B76BB3 /* CustomButton.swift in Sources */ = {isa = PBXBuildFile; fileRef = AC91031A2A0EBBA000B76BB3 /* CustomButton.swift */; };
		AC91031D2A0EC4E500B76BB3 /* CustomCheckbox.swift in Sources */ = {isa = PBXBuildFile; fileRef = AC91031C2A0EC4E500B76BB3 /* CustomCheckbox.swift */; };
		AC93059C2A0E685A00DC687C /* FilterScreenView.swift in Sources */ = {isa = PBXBuildFile; fileRef = AC93059B2A0E685A00DC687C /* FilterScreenView.swift */; };
		AC9305A12A0E6D7D00DC687C /* FilterCategory.swift in Sources */ = {isa = PBXBuildFile; fileRef = AC9305A02A0E6D7D00DC687C /* FilterCategory.swift */; };
		AC9305A32A0E6DCA00DC687C /* FilterCategoryExt.swift in Sources */ = {isa = PBXBuildFile; fileRef = AC9305A22A0E6DCA00DC687C /* FilterCategoryExt.swift */; };
		ACA250032A0E7EF100DA11E0 /* View.swift in Sources */ = {isa = PBXBuildFile; fileRef = ACA250022A0E7EF100DA11E0 /* View.swift */; };
		ACA2B5EB2A0D5D170065CBB1 /* MovieTimeApp.swift in Sources */ = {isa = PBXBuildFile; fileRef = ACA2B5EA2A0D5D170065CBB1 /* MovieTimeApp.swift */; };
		ACA2B5ED2A0D5D170065CBB1 /* ContentView.swift in Sources */ = {isa = PBXBuildFile; fileRef = ACA2B5EC2A0D5D170065CBB1 /* ContentView.swift */; };
		ACA2B5EF2A0D5D190065CBB1 /* Assets.xcassets in Resources */ = {isa = PBXBuildFile; fileRef = ACA2B5EE2A0D5D190065CBB1 /* Assets.xcassets */; };
		ACA2B5FA2A0D6A650065CBB1 /* SFProDisplay-Regular.ttf in Resources */ = {isa = PBXBuildFile; fileRef = ACA2B5F92A0D6A640065CBB1 /* SFProDisplay-Regular.ttf */; };
		ACA2B5FC2A0D6A9B0065CBB1 /* SFProDisplay-Bold.ttf in Resources */ = {isa = PBXBuildFile; fileRef = ACA2B5FB2A0D6A9B0065CBB1 /* SFProDisplay-Bold.ttf */; };
		ACA2B6022A0D6C2E0065CBB1 /* Font.swift in Sources */ = {isa = PBXBuildFile; fileRef = ACA2B6012A0D6C2E0065CBB1 /* Font.swift */; };
		ACA2B6042A0D6EB60065CBB1 /* Text.swift in Sources */ = {isa = PBXBuildFile; fileRef = ACA2B6032A0D6EB60065CBB1 /* Text.swift */; };
		ACA2B6062A0D72ED0065CBB1 /* ButtonExt.swift in Sources */ = {isa = PBXBuildFile; fileRef = ACA2B6052A0D72ED0065CBB1 /* ButtonExt.swift */; };
		ACA2B6092A0D73A60065CBB1 /* Color.swift in Sources */ = {isa = PBXBuildFile; fileRef = ACA2B6082A0D73A60065CBB1 /* Color.swift */; };
		ACA2B60D2A0D85BF0065CBB1 /* .swiftlint.yml in Resources */ = {isa = PBXBuildFile; fileRef = ACA2B60C2A0D85BF0065CBB1 /* .swiftlint.yml */; };
		ACA2B6102A0D8ABE0065CBB1 /* LoginScreenView.swift in Sources */ = {isa = PBXBuildFile; fileRef = ACA2B60F2A0D8ABE0065CBB1 /* LoginScreenView.swift */; };
		ACA2B6122A0D8B5C0065CBB1 /* MainScreenView.swift in Sources */ = {isa = PBXBuildFile; fileRef = ACA2B6112A0D8B5C0065CBB1 /* MainScreenView.swift */; };
		ACA2B6142A0D93810065CBB1 /* SearchScreenView.swift in Sources */ = {isa = PBXBuildFile; fileRef = ACA2B6132A0D93810065CBB1 /* SearchScreenView.swift */; };
		ACA2B6162A0D93A30065CBB1 /* FavoriteScreenView.swift in Sources */ = {isa = PBXBuildFile; fileRef = ACA2B6152A0D93A30065CBB1 /* FavoriteScreenView.swift */; };
/* End PBXBuildFile section */

/* Begin PBXFileReference section */
		0925FC1C985F4163B5590F84 /* Pods-MovieTime.debug.xcconfig */ = {isa = PBXFileReference; includeInIndex = 1; lastKnownFileType = text.xcconfig; name = "Pods-MovieTime.debug.xcconfig"; path = "Target Support Files/Pods-MovieTime/Pods-MovieTime.debug.xcconfig"; sourceTree = "<group>"; };
		54BD298F3BBB263F13CE27C3 /* Pods_MovieTime.framework */ = {isa = PBXFileReference; explicitFileType = wrapper.framework; includeInIndex = 0; path = Pods_MovieTime.framework; sourceTree = BUILT_PRODUCTS_DIR; };
		AC9103172A0EB63300B76BB3 /* SearchViewModel.swift */ = {isa = PBXFileReference; lastKnownFileType = sourcecode.swift; path = SearchViewModel.swift; sourceTree = "<group>"; };
		AC91031A2A0EBBA000B76BB3 /* CustomButton.swift */ = {isa = PBXFileReference; lastKnownFileType = sourcecode.swift; path = CustomButton.swift; sourceTree = "<group>"; };
		AC91031C2A0EC4E500B76BB3 /* CustomCheckbox.swift */ = {isa = PBXFileReference; lastKnownFileType = sourcecode.swift; path = CustomCheckbox.swift; sourceTree = "<group>"; };
		AC93059B2A0E685A00DC687C /* FilterScreenView.swift */ = {isa = PBXFileReference; lastKnownFileType = sourcecode.swift; path = FilterScreenView.swift; sourceTree = "<group>"; };
		AC9305A02A0E6D7D00DC687C /* FilterCategory.swift */ = {isa = PBXFileReference; lastKnownFileType = sourcecode.swift; path = FilterCategory.swift; sourceTree = "<group>"; };
		AC9305A22A0E6DCA00DC687C /* FilterCategoryExt.swift */ = {isa = PBXFileReference; lastKnownFileType = sourcecode.swift; path = FilterCategoryExt.swift; sourceTree = "<group>"; };
		ACA250022A0E7EF100DA11E0 /* View.swift */ = {isa = PBXFileReference; lastKnownFileType = sourcecode.swift; path = View.swift; sourceTree = "<group>"; };
		ACA2B5E72A0D5D170065CBB1 /* MovieTime.app */ = {isa = PBXFileReference; explicitFileType = wrapper.application; includeInIndex = 0; path = MovieTime.app; sourceTree = BUILT_PRODUCTS_DIR; };
		ACA2B5EA2A0D5D170065CBB1 /* MovieTimeApp.swift */ = {isa = PBXFileReference; lastKnownFileType = sourcecode.swift; path = MovieTimeApp.swift; sourceTree = "<group>"; };
		ACA2B5EC2A0D5D170065CBB1 /* ContentView.swift */ = {isa = PBXFileReference; lastKnownFileType = sourcecode.swift; path = ContentView.swift; sourceTree = "<group>"; };
		ACA2B5EE2A0D5D190065CBB1 /* Assets.xcassets */ = {isa = PBXFileReference; lastKnownFileType = folder.assetcatalog; path = Assets.xcassets; sourceTree = "<group>"; };
		ACA2B5F12A0D5D190065CBB1 /* Preview Assets.xcassets */ = {isa = PBXFileReference; lastKnownFileType = folder.assetcatalog; path = "Preview Assets.xcassets"; sourceTree = "<group>"; };
		ACA2B5F92A0D6A640065CBB1 /* SFProDisplay-Regular.ttf */ = {isa = PBXFileReference; lastKnownFileType = file; path = "SFProDisplay-Regular.ttf"; sourceTree = "<group>"; };
		ACA2B5FB2A0D6A9B0065CBB1 /* SFProDisplay-Bold.ttf */ = {isa = PBXFileReference; lastKnownFileType = file; path = "SFProDisplay-Bold.ttf"; sourceTree = "<group>"; };
		ACA2B5FD2A0D6AE00065CBB1 /* Info.plist */ = {isa = PBXFileReference; lastKnownFileType = text.plist; path = Info.plist; sourceTree = "<group>"; };
		ACA2B6012A0D6C2E0065CBB1 /* Font.swift */ = {isa = PBXFileReference; lastKnownFileType = sourcecode.swift; path = Font.swift; sourceTree = "<group>"; };
		ACA2B6032A0D6EB60065CBB1 /* Text.swift */ = {isa = PBXFileReference; lastKnownFileType = sourcecode.swift; path = Text.swift; sourceTree = "<group>"; };
		ACA2B6052A0D72ED0065CBB1 /* ButtonExt.swift */ = {isa = PBXFileReference; lastKnownFileType = sourcecode.swift; path = ButtonExt.swift; sourceTree = "<group>"; };
		ACA2B6082A0D73A60065CBB1 /* Color.swift */ = {isa = PBXFileReference; lastKnownFileType = sourcecode.swift; path = Color.swift; sourceTree = "<group>"; };
		ACA2B60C2A0D85BF0065CBB1 /* .swiftlint.yml */ = {isa = PBXFileReference; fileEncoding = 4; lastKnownFileType = text.yaml; path = .swiftlint.yml; sourceTree = "<group>"; };
		ACA2B60F2A0D8ABE0065CBB1 /* LoginScreenView.swift */ = {isa = PBXFileReference; lastKnownFileType = sourcecode.swift; path = LoginScreenView.swift; sourceTree = "<group>"; };
		ACA2B6112A0D8B5C0065CBB1 /* MainScreenView.swift */ = {isa = PBXFileReference; lastKnownFileType = sourcecode.swift; path = MainScreenView.swift; sourceTree = "<group>"; };
		ACA2B6132A0D93810065CBB1 /* SearchScreenView.swift */ = {isa = PBXFileReference; lastKnownFileType = sourcecode.swift; path = SearchScreenView.swift; sourceTree = "<group>"; };
		ACA2B6152A0D93A30065CBB1 /* FavoriteScreenView.swift */ = {isa = PBXFileReference; lastKnownFileType = sourcecode.swift; path = FavoriteScreenView.swift; sourceTree = "<group>"; };
		E2F6AA47F525A4217418C67F /* Pods-MovieTime.release.xcconfig */ = {isa = PBXFileReference; includeInIndex = 1; lastKnownFileType = text.xcconfig; name = "Pods-MovieTime.release.xcconfig"; path = "Target Support Files/Pods-MovieTime/Pods-MovieTime.release.xcconfig"; sourceTree = "<group>"; };
/* End PBXFileReference section */

/* Begin PBXFrameworksBuildPhase section */
		ACA2B5E42A0D5D170065CBB1 /* Frameworks */ = {
			isa = PBXFrameworksBuildPhase;
			buildActionMask = 2147483647;
			files = (
				0013C35791FF3D32612DD64E /* Pods_MovieTime.framework in Frameworks */,
			);
			runOnlyForDeploymentPostprocessing = 0;
		};
/* End PBXFrameworksBuildPhase section */

/* Begin PBXGroup section */
		79CE2CA18639A917405A46CB /* Frameworks */ = {
			isa = PBXGroup;
			children = (
				54BD298F3BBB263F13CE27C3 /* Pods_MovieTime.framework */,
			);
			name = Frameworks;
			sourceTree = "<group>";
		};
		AC9103162A0EB61400B76BB3 /* ViewModels */ = {
			isa = PBXGroup;
			children = (
				AC9103172A0EB63300B76BB3 /* SearchViewModel.swift */,
			);
			path = ViewModels;
			sourceTree = "<group>";
		};
		AC9103192A0EBB9500B76BB3 /* Components */ = {
			isa = PBXGroup;
			children = (
				AC91031A2A0EBBA000B76BB3 /* CustomButton.swift */,
				AC91031C2A0EC4E500B76BB3 /* CustomCheckbox.swift */,
			);
			path = Components;
			sourceTree = "<group>";
		};
		AC93059D2A0E6D2000DC687C /* Models */ = {
			isa = PBXGroup;
			children = (
				AC9305A02A0E6D7D00DC687C /* FilterCategory.swift */,
			);
			path = Models;
			sourceTree = "<group>";
		};
		ACA2B5DE2A0D5D170065CBB1 = {
			isa = PBXGroup;
			children = (
				ACA2B60C2A0D85BF0065CBB1 /* .swiftlint.yml */,
				ACA2B5E92A0D5D170065CBB1 /* MovieTime */,
				ACA2B5E82A0D5D170065CBB1 /* Products */,
				CC5F4CAF141F4FB904099DF9 /* Pods */,
				79CE2CA18639A917405A46CB /* Frameworks */,
			);
			sourceTree = "<group>";
		};
		ACA2B5E82A0D5D170065CBB1 /* Products */ = {
			isa = PBXGroup;
			children = (
				ACA2B5E72A0D5D170065CBB1 /* MovieTime.app */,
			);
			name = Products;
			sourceTree = "<group>";
		};
		ACA2B5E92A0D5D170065CBB1 /* MovieTime */ = {
			isa = PBXGroup;
			children = (
				AC9103192A0EBB9500B76BB3 /* Components */,
				AC9103162A0EB61400B76BB3 /* ViewModels */,
				AC93059D2A0E6D2000DC687C /* Models */,
				ACA2B60E2A0D8AA20065CBB1 /* Views */,
				ACA2B5FE2A0D6BF20065CBB1 /* Extensions */,
				ACA2B5FD2A0D6AE00065CBB1 /* Info.plist */,
				ACA2B5F82A0D6A310065CBB1 /* Fonts */,
				ACA2B5EA2A0D5D170065CBB1 /* MovieTimeApp.swift */,
				ACA2B5EC2A0D5D170065CBB1 /* ContentView.swift */,
				ACA2B5EE2A0D5D190065CBB1 /* Assets.xcassets */,
				ACA2B5F02A0D5D190065CBB1 /* Preview Content */,
			);
			path = MovieTime;
			sourceTree = "<group>";
		};
		ACA2B5F02A0D5D190065CBB1 /* Preview Content */ = {
			isa = PBXGroup;
			children = (
				ACA2B5F12A0D5D190065CBB1 /* Preview Assets.xcassets */,
			);
			path = "Preview Content";
			sourceTree = "<group>";
		};
		ACA2B5F82A0D6A310065CBB1 /* Fonts */ = {
			isa = PBXGroup;
			children = (
				ACA2B5FB2A0D6A9B0065CBB1 /* SFProDisplay-Bold.ttf */,
				ACA2B5F92A0D6A640065CBB1 /* SFProDisplay-Regular.ttf */,
			);
			path = Fonts;
			sourceTree = "<group>";
		};
		ACA2B5FE2A0D6BF20065CBB1 /* Extensions */ = {
			isa = PBXGroup;
			children = (
				ACA2B6012A0D6C2E0065CBB1 /* Font.swift */,
				ACA2B6032A0D6EB60065CBB1 /* Text.swift */,
				ACA2B6052A0D72ED0065CBB1 /* ButtonExt.swift */,
				ACA2B6082A0D73A60065CBB1 /* Color.swift */,
				AC9305A22A0E6DCA00DC687C /* FilterCategoryExt.swift */,
				ACA250022A0E7EF100DA11E0 /* View.swift */,
			);
			path = Extensions;
			sourceTree = "<group>";
		};
		ACA2B60E2A0D8AA20065CBB1 /* Views */ = {
			isa = PBXGroup;
			children = (
				ACA2B60F2A0D8ABE0065CBB1 /* LoginScreenView.swift */,
				ACA2B6112A0D8B5C0065CBB1 /* MainScreenView.swift */,
				ACA2B6132A0D93810065CBB1 /* SearchScreenView.swift */,
				ACA2B6152A0D93A30065CBB1 /* FavoriteScreenView.swift */,
				AC93059B2A0E685A00DC687C /* FilterScreenView.swift */,
			);
			path = Views;
			sourceTree = "<group>";
		};
		CC5F4CAF141F4FB904099DF9 /* Pods */ = {
			isa = PBXGroup;
			children = (
				0925FC1C985F4163B5590F84 /* Pods-MovieTime.debug.xcconfig */,
				E2F6AA47F525A4217418C67F /* Pods-MovieTime.release.xcconfig */,
			);
			path = Pods;
			sourceTree = "<group>";
		};
/* End PBXGroup section */

/* Begin PBXNativeTarget section */
		ACA2B5E62A0D5D170065CBB1 /* MovieTime */ = {
			isa = PBXNativeTarget;
			buildConfigurationList = ACA2B5F52A0D5D190065CBB1 /* Build configuration list for PBXNativeTarget "MovieTime" */;
			buildPhases = (
				A9636AD8D6520112BB61A2E2 /* [CP] Check Pods Manifest.lock */,
				ACA2B5E32A0D5D170065CBB1 /* Sources */,
				ACA2B5E42A0D5D170065CBB1 /* Frameworks */,
				ACA2B5E52A0D5D170065CBB1 /* Resources */,
				ACA2B60A2A0D7C0E0065CBB1 /* Run Script */,
				59A0BBD3239EDC484B3A9100 /* [CP] Embed Pods Frameworks */,
			);
			buildRules = (
			);
			dependencies = (
			);
			name = MovieTime;
			productName = MovieTime;
			productReference = ACA2B5E72A0D5D170065CBB1 /* MovieTime.app */;
			productType = "com.apple.product-type.application";
		};
/* End PBXNativeTarget section */

/* Begin PBXProject section */
		ACA2B5DF2A0D5D170065CBB1 /* Project object */ = {
			isa = PBXProject;
			attributes = {
				BuildIndependentTargetsInParallel = 1;
				LastSwiftUpdateCheck = 1400;
				LastUpgradeCheck = 1400;
				TargetAttributes = {
					ACA2B5E62A0D5D170065CBB1 = {
						CreatedOnToolsVersion = 14.0;
					};
				};
			};
			buildConfigurationList = ACA2B5E22A0D5D170065CBB1 /* Build configuration list for PBXProject "MovieTime" */;
			compatibilityVersion = "Xcode 14.0";
			developmentRegion = en;
			hasScannedForEncodings = 0;
			knownRegions = (
				en,
				Base,
			);
			mainGroup = ACA2B5DE2A0D5D170065CBB1;
			productRefGroup = ACA2B5E82A0D5D170065CBB1 /* Products */;
			projectDirPath = "";
			projectRoot = "";
			targets = (
				ACA2B5E62A0D5D170065CBB1 /* MovieTime */,
			);
		};
/* End PBXProject section */

/* Begin PBXResourcesBuildPhase section */
		ACA2B5E52A0D5D170065CBB1 /* Resources */ = {
			isa = PBXResourcesBuildPhase;
			buildActionMask = 2147483647;
			files = (
				ACA2B60D2A0D85BF0065CBB1 /* .swiftlint.yml in Resources */,
				ACA2B5FA2A0D6A650065CBB1 /* SFProDisplay-Regular.ttf in Resources */,
				ACA2B5EF2A0D5D190065CBB1 /* Assets.xcassets in Resources */,
				ACA2B5FC2A0D6A9B0065CBB1 /* SFProDisplay-Bold.ttf in Resources */,
			);
			runOnlyForDeploymentPostprocessing = 0;
		};
/* End PBXResourcesBuildPhase section */

/* Begin PBXShellScriptBuildPhase section */
		59A0BBD3239EDC484B3A9100 /* [CP] Embed Pods Frameworks */ = {
			isa = PBXShellScriptBuildPhase;
			buildActionMask = 2147483647;
			files = (
			);
			inputFileListPaths = (
				"${PODS_ROOT}/Target Support Files/Pods-MovieTime/Pods-MovieTime-frameworks-${CONFIGURATION}-input-files.xcfilelist",
			);
			name = "[CP] Embed Pods Frameworks";
			outputFileListPaths = (
				"${PODS_ROOT}/Target Support Files/Pods-MovieTime/Pods-MovieTime-frameworks-${CONFIGURATION}-output-files.xcfilelist",
			);
			runOnlyForDeploymentPostprocessing = 0;
			shellPath = /bin/sh;
			shellScript = "\"${PODS_ROOT}/Target Support Files/Pods-MovieTime/Pods-MovieTime-frameworks.sh\"\n";
			showEnvVarsInLog = 0;
		};
		A9636AD8D6520112BB61A2E2 /* [CP] Check Pods Manifest.lock */ = {
			isa = PBXShellScriptBuildPhase;
			buildActionMask = 2147483647;
			files = (
			);
			inputFileListPaths = (
			);
			inputPaths = (
				"${PODS_PODFILE_DIR_PATH}/Podfile.lock",
				"${PODS_ROOT}/Manifest.lock",
			);
			name = "[CP] Check Pods Manifest.lock";
			outputFileListPaths = (
			);
			outputPaths = (
				"$(DERIVED_FILE_DIR)/Pods-MovieTime-checkManifestLockResult.txt",
			);
			runOnlyForDeploymentPostprocessing = 0;
			shellPath = /bin/sh;
			shellScript = "diff \"${PODS_PODFILE_DIR_PATH}/Podfile.lock\" \"${PODS_ROOT}/Manifest.lock\" > /dev/null\nif [ $? != 0 ] ; then\n    # print error to STDERR\n    echo \"error: The sandbox is not in sync with the Podfile.lock. Run 'pod install' or update your CocoaPods installation.\" >&2\n    exit 1\nfi\n# This output is used by Xcode 'outputs' to avoid re-running this script phase.\necho \"SUCCESS\" > \"${SCRIPT_OUTPUT_FILE_0}\"\n";
			showEnvVarsInLog = 0;
		};
		ACA2B60A2A0D7C0E0065CBB1 /* Run Script */ = {
			isa = PBXShellScriptBuildPhase;
			buildActionMask = 2147483647;
			files = (
			);
			inputFileListPaths = (
			);
			inputPaths = (
			);
			name = "Run Script";
			outputFileListPaths = (
			);
			outputPaths = (
			);
			runOnlyForDeploymentPostprocessing = 0;
			shellPath = /bin/sh;
			shellScript = "if which swiftlint >/dev/null; then\n  swiftlint\nelse\n  echo \"warning: SwiftLint not installed, download from https://github.com/realm/SwiftLint\"\nfi\n";
		};
/* End PBXShellScriptBuildPhase section */

/* Begin PBXSourcesBuildPhase section */
		ACA2B5E32A0D5D170065CBB1 /* Sources */ = {
			isa = PBXSourcesBuildPhase;
			buildActionMask = 2147483647;
			files = (
				ACA2B6062A0D72ED0065CBB1 /* ButtonExt.swift in Sources */,
				AC93059C2A0E685A00DC687C /* FilterScreenView.swift in Sources */,
				ACA2B6142A0D93810065CBB1 /* SearchScreenView.swift in Sources */,
				AC91031B2A0EBBA000B76BB3 /* CustomButton.swift in Sources */,
				ACA2B5ED2A0D5D170065CBB1 /* ContentView.swift in Sources */,
				AC9305A32A0E6DCA00DC687C /* FilterCategoryExt.swift in Sources */,
				ACA2B6102A0D8ABE0065CBB1 /* LoginScreenView.swift in Sources */,
				AC9103182A0EB63300B76BB3 /* SearchViewModel.swift in Sources */,
				ACA2B6162A0D93A30065CBB1 /* FavoriteScreenView.swift in Sources */,
				ACA2B5EB2A0D5D170065CBB1 /* MovieTimeApp.swift in Sources */,
				AC91031D2A0EC4E500B76BB3 /* CustomCheckbox.swift in Sources */,
				AC9305A12A0E6D7D00DC687C /* FilterCategory.swift in Sources */,
				ACA2B6042A0D6EB60065CBB1 /* Text.swift in Sources */,
				ACA2B6022A0D6C2E0065CBB1 /* Font.swift in Sources */,
				ACA2B6092A0D73A60065CBB1 /* Color.swift in Sources */,
				ACA250032A0E7EF100DA11E0 /* View.swift in Sources */,
				ACA2B6122A0D8B5C0065CBB1 /* MainScreenView.swift in Sources */,
			);
			runOnlyForDeploymentPostprocessing = 0;
		};
/* End PBXSourcesBuildPhase section */

/* Begin XCBuildConfiguration section */
		ACA2B5F32A0D5D190065CBB1 /* Debug */ = {
			isa = XCBuildConfiguration;
			buildSettings = {
				ALWAYS_SEARCH_USER_PATHS = NO;
				CLANG_ANALYZER_NONNULL = YES;
				CLANG_ANALYZER_NUMBER_OBJECT_CONVERSION = YES_AGGRESSIVE;
				CLANG_CXX_LANGUAGE_STANDARD = "gnu++20";
				CLANG_ENABLE_MODULES = YES;
				CLANG_ENABLE_OBJC_ARC = YES;
				CLANG_ENABLE_OBJC_WEAK = YES;
				CLANG_WARN_BLOCK_CAPTURE_AUTORELEASING = YES;
				CLANG_WARN_BOOL_CONVERSION = YES;
				CLANG_WARN_COMMA = YES;
				CLANG_WARN_CONSTANT_CONVERSION = YES;
				CLANG_WARN_DEPRECATED_OBJC_IMPLEMENTATIONS = YES;
				CLANG_WARN_DIRECT_OBJC_ISA_USAGE = YES_ERROR;
				CLANG_WARN_DOCUMENTATION_COMMENTS = YES;
				CLANG_WARN_EMPTY_BODY = YES;
				CLANG_WARN_ENUM_CONVERSION = YES;
				CLANG_WARN_INFINITE_RECURSION = YES;
				CLANG_WARN_INT_CONVERSION = YES;
				CLANG_WARN_NON_LITERAL_NULL_CONVERSION = YES;
				CLANG_WARN_OBJC_IMPLICIT_RETAIN_SELF = YES;
				CLANG_WARN_OBJC_LITERAL_CONVERSION = YES;
				CLANG_WARN_OBJC_ROOT_CLASS = YES_ERROR;
				CLANG_WARN_QUOTED_INCLUDE_IN_FRAMEWORK_HEADER = YES;
				CLANG_WARN_RANGE_LOOP_ANALYSIS = YES;
				CLANG_WARN_STRICT_PROTOTYPES = YES;
				CLANG_WARN_SUSPICIOUS_MOVE = YES;
				CLANG_WARN_UNGUARDED_AVAILABILITY = YES_AGGRESSIVE;
				CLANG_WARN_UNREACHABLE_CODE = YES;
				CLANG_WARN__DUPLICATE_METHOD_MATCH = YES;
				COPY_PHASE_STRIP = NO;
				DEBUG_INFORMATION_FORMAT = dwarf;
				ENABLE_STRICT_OBJC_MSGSEND = YES;
				ENABLE_TESTABILITY = YES;
				GCC_C_LANGUAGE_STANDARD = gnu11;
				GCC_DYNAMIC_NO_PIC = NO;
				GCC_NO_COMMON_BLOCKS = YES;
				GCC_OPTIMIZATION_LEVEL = 0;
				GCC_PREPROCESSOR_DEFINITIONS = (
					"DEBUG=1",
					"$(inherited)",
				);
				GCC_WARN_64_TO_32_BIT_CONVERSION = YES;
				GCC_WARN_ABOUT_RETURN_TYPE = YES_ERROR;
				GCC_WARN_UNDECLARED_SELECTOR = YES;
				GCC_WARN_UNINITIALIZED_AUTOS = YES_AGGRESSIVE;
				GCC_WARN_UNUSED_FUNCTION = YES;
				GCC_WARN_UNUSED_VARIABLE = YES;
				IPHONEOS_DEPLOYMENT_TARGET = 16.0;
				MTL_ENABLE_DEBUG_INFO = INCLUDE_SOURCE;
				MTL_FAST_MATH = YES;
				ONLY_ACTIVE_ARCH = YES;
				SDKROOT = iphoneos;
				SWIFT_ACTIVE_COMPILATION_CONDITIONS = DEBUG;
				SWIFT_OPTIMIZATION_LEVEL = "-Onone";
			};
			name = Debug;
		};
		ACA2B5F42A0D5D190065CBB1 /* Release */ = {
			isa = XCBuildConfiguration;
			buildSettings = {
				ALWAYS_SEARCH_USER_PATHS = NO;
				CLANG_ANALYZER_NONNULL = YES;
				CLANG_ANALYZER_NUMBER_OBJECT_CONVERSION = YES_AGGRESSIVE;
				CLANG_CXX_LANGUAGE_STANDARD = "gnu++20";
				CLANG_ENABLE_MODULES = YES;
				CLANG_ENABLE_OBJC_ARC = YES;
				CLANG_ENABLE_OBJC_WEAK = YES;
				CLANG_WARN_BLOCK_CAPTURE_AUTORELEASING = YES;
				CLANG_WARN_BOOL_CONVERSION = YES;
				CLANG_WARN_COMMA = YES;
				CLANG_WARN_CONSTANT_CONVERSION = YES;
				CLANG_WARN_DEPRECATED_OBJC_IMPLEMENTATIONS = YES;
				CLANG_WARN_DIRECT_OBJC_ISA_USAGE = YES_ERROR;
				CLANG_WARN_DOCUMENTATION_COMMENTS = YES;
				CLANG_WARN_EMPTY_BODY = YES;
				CLANG_WARN_ENUM_CONVERSION = YES;
				CLANG_WARN_INFINITE_RECURSION = YES;
				CLANG_WARN_INT_CONVERSION = YES;
				CLANG_WARN_NON_LITERAL_NULL_CONVERSION = YES;
				CLANG_WARN_OBJC_IMPLICIT_RETAIN_SELF = YES;
				CLANG_WARN_OBJC_LITERAL_CONVERSION = YES;
				CLANG_WARN_OBJC_ROOT_CLASS = YES_ERROR;
				CLANG_WARN_QUOTED_INCLUDE_IN_FRAMEWORK_HEADER = YES;
				CLANG_WARN_RANGE_LOOP_ANALYSIS = YES;
				CLANG_WARN_STRICT_PROTOTYPES = YES;
				CLANG_WARN_SUSPICIOUS_MOVE = YES;
				CLANG_WARN_UNGUARDED_AVAILABILITY = YES_AGGRESSIVE;
				CLANG_WARN_UNREACHABLE_CODE = YES;
				CLANG_WARN__DUPLICATE_METHOD_MATCH = YES;
				COPY_PHASE_STRIP = NO;
				DEBUG_INFORMATION_FORMAT = "dwarf-with-dsym";
				ENABLE_NS_ASSERTIONS = NO;
				ENABLE_STRICT_OBJC_MSGSEND = YES;
				GCC_C_LANGUAGE_STANDARD = gnu11;
				GCC_NO_COMMON_BLOCKS = YES;
				GCC_WARN_64_TO_32_BIT_CONVERSION = YES;
				GCC_WARN_ABOUT_RETURN_TYPE = YES_ERROR;
				GCC_WARN_UNDECLARED_SELECTOR = YES;
				GCC_WARN_UNINITIALIZED_AUTOS = YES_AGGRESSIVE;
				GCC_WARN_UNUSED_FUNCTION = YES;
				GCC_WARN_UNUSED_VARIABLE = YES;
				IPHONEOS_DEPLOYMENT_TARGET = 16.0;
				MTL_ENABLE_DEBUG_INFO = NO;
				MTL_FAST_MATH = YES;
				SDKROOT = iphoneos;
				SWIFT_COMPILATION_MODE = wholemodule;
				SWIFT_OPTIMIZATION_LEVEL = "-O";
				VALIDATE_PRODUCT = YES;
			};
			name = Release;
		};
		ACA2B5F62A0D5D190065CBB1 /* Debug */ = {
			isa = XCBuildConfiguration;
			baseConfigurationReference = 0925FC1C985F4163B5590F84 /* Pods-MovieTime.debug.xcconfig */;
			buildSettings = {
				ASSETCATALOG_COMPILER_APPICON_NAME = AppIcon;
				ASSETCATALOG_COMPILER_GLOBAL_ACCENT_COLOR_NAME = AccentColor;
				CODE_SIGN_STYLE = Automatic;
				CURRENT_PROJECT_VERSION = 1;
				DEVELOPMENT_ASSET_PATHS = "\"MovieTime/Preview Content\"";
				DEVELOPMENT_TEAM = XZ25FA7LUT;
				ENABLE_PREVIEWS = YES;
				GENERATE_INFOPLIST_FILE = YES;
				INFOPLIST_FILE = MovieTime/Info.plist;
				INFOPLIST_KEY_LSApplicationCategoryType = "";
				INFOPLIST_KEY_UIApplicationSceneManifest_Generation = YES;
				INFOPLIST_KEY_UIApplicationSupportsIndirectInputEvents = YES;
				INFOPLIST_KEY_UILaunchScreen_Generation = YES;
				INFOPLIST_KEY_UISupportedInterfaceOrientations_iPad = "UIInterfaceOrientationPortrait UIInterfaceOrientationPortraitUpsideDown UIInterfaceOrientationLandscapeLeft UIInterfaceOrientationLandscapeRight";
				INFOPLIST_KEY_UISupportedInterfaceOrientations_iPhone = "UIInterfaceOrientationPortrait UIInterfaceOrientationLandscapeLeft UIInterfaceOrientationLandscapeRight";
				IPHONEOS_DEPLOYMENT_TARGET = 14.0;
				LD_RUNPATH_SEARCH_PATHS = (
					"$(inherited)",
					"@executable_path/Frameworks",
				);
				MARKETING_VERSION = 1.0;
				PRODUCT_BUNDLE_IDENTIFIER = com.timmigri.MovieTime;
				PRODUCT_NAME = "$(TARGET_NAME)";
				SWIFT_EMIT_LOC_STRINGS = YES;
				SWIFT_VERSION = 5.0;
				TARGETED_DEVICE_FAMILY = "1,2";
			};
			name = Debug;
		};
		ACA2B5F72A0D5D190065CBB1 /* Release */ = {
			isa = XCBuildConfiguration;
			baseConfigurationReference = E2F6AA47F525A4217418C67F /* Pods-MovieTime.release.xcconfig */;
			buildSettings = {
				ASSETCATALOG_COMPILER_APPICON_NAME = AppIcon;
				ASSETCATALOG_COMPILER_GLOBAL_ACCENT_COLOR_NAME = AccentColor;
				CODE_SIGN_STYLE = Automatic;
				CURRENT_PROJECT_VERSION = 1;
				DEVELOPMENT_ASSET_PATHS = "\"MovieTime/Preview Content\"";
				DEVELOPMENT_TEAM = XZ25FA7LUT;
				ENABLE_PREVIEWS = YES;
				GENERATE_INFOPLIST_FILE = YES;
				INFOPLIST_FILE = MovieTime/Info.plist;
				INFOPLIST_KEY_LSApplicationCategoryType = "";
				INFOPLIST_KEY_UIApplicationSceneManifest_Generation = YES;
				INFOPLIST_KEY_UIApplicationSupportsIndirectInputEvents = YES;
				INFOPLIST_KEY_UILaunchScreen_Generation = YES;
				INFOPLIST_KEY_UISupportedInterfaceOrientations_iPad = "UIInterfaceOrientationPortrait UIInterfaceOrientationPortraitUpsideDown UIInterfaceOrientationLandscapeLeft UIInterfaceOrientationLandscapeRight";
				INFOPLIST_KEY_UISupportedInterfaceOrientations_iPhone = "UIInterfaceOrientationPortrait UIInterfaceOrientationLandscapeLeft UIInterfaceOrientationLandscapeRight";
				IPHONEOS_DEPLOYMENT_TARGET = 14.0;
				LD_RUNPATH_SEARCH_PATHS = (
					"$(inherited)",
					"@executable_path/Frameworks",
				);
				MARKETING_VERSION = 1.0;
				PRODUCT_BUNDLE_IDENTIFIER = com.timmigri.MovieTime;
				PRODUCT_NAME = "$(TARGET_NAME)";
				SWIFT_EMIT_LOC_STRINGS = YES;
				SWIFT_VERSION = 5.0;
				TARGETED_DEVICE_FAMILY = "1,2";
			};
			name = Release;
		};
/* End XCBuildConfiguration section */

/* Begin XCConfigurationList section */
		ACA2B5E22A0D5D170065CBB1 /* Build configuration list for PBXProject "MovieTime" */ = {
			isa = XCConfigurationList;
			buildConfigurations = (
				ACA2B5F32A0D5D190065CBB1 /* Debug */,
				ACA2B5F42A0D5D190065CBB1 /* Release */,
			);
			defaultConfigurationIsVisible = 0;
			defaultConfigurationName = Release;
		};
		ACA2B5F52A0D5D190065CBB1 /* Build configuration list for PBXNativeTarget "MovieTime" */ = {
			isa = XCConfigurationList;
			buildConfigurations = (
				ACA2B5F62A0D5D190065CBB1 /* Debug */,
				ACA2B5F72A0D5D190065CBB1 /* Release */,
			);
			defaultConfigurationIsVisible = 0;
			defaultConfigurationName = Release;
		};
/* End XCConfigurationList section */
	};
	rootObject = ACA2B5DF2A0D5D170065CBB1 /* Project object */;
}
