// !$*UTF8*$!
{
	archiveVersion = 1;
	classes = {
	};
	objectVersion = 56;
	objects = {

/* Begin PBXBuildFile section */
		0013C35791FF3D32612DD64E /* Pods_MovieTime.framework in Frameworks */ = {isa = PBXBuildFile; fileRef = 54BD298F3BBB263F13CE27C3 /* Pods_MovieTime.framework */; };
		AC0E5A9C2A22AB210055C0F5 /* BookmarkViewModel.swift in Sources */ = {isa = PBXBuildFile; fileRef = AC0E5A9B2A22AB210055C0F5 /* BookmarkViewModel.swift */; };
		AC0E5AA02A22BAA40055C0F5 /* MovieCard.swift in Sources */ = {isa = PBXBuildFile; fileRef = AC0E5A9F2A22BAA40055C0F5 /* MovieCard.swift */; };
		AC42073A2A12D54600974A6B /* CustomNavigationBar.swift in Sources */ = {isa = PBXBuildFile; fileRef = AC4207392A12D54600974A6B /* CustomNavigationBar.swift */; };
		AC42073C2A12D95700974A6B /* ScrollViewOffsetPreferenceKey.swift in Sources */ = {isa = PBXBuildFile; fileRef = AC42073B2A12D95700974A6B /* ScrollViewOffsetPreferenceKey.swift */; };
		AC8FB3C42A27978800F3E55F /* MovieRatingRepository.swift in Sources */ = {isa = PBXBuildFile; fileRef = AC8FB3C32A27978800F3E55F /* MovieRatingRepository.swift */; };
		AC8FB3C62A279A6300F3E55F /* ShareService.swift in Sources */ = {isa = PBXBuildFile; fileRef = AC8FB3C52A279A6300F3E55F /* ShareService.swift */; };
		AC8FB3C82A27A64700F3E55F /* UIApplicationExtension.swift in Sources */ = {isa = PBXBuildFile; fileRef = AC8FB3C72A27A64700F3E55F /* UIApplicationExtension.swift */; };
		AC8FB3CA2A27C17C00F3E55F /* StringFormatter.swift in Sources */ = {isa = PBXBuildFile; fileRef = AC8FB3C92A27C17C00F3E55F /* StringFormatter.swift */; };
		AC9103182A0EB63300B76BB3 /* SearchViewModel.swift in Sources */ = {isa = PBXBuildFile; fileRef = AC9103172A0EB63300B76BB3 /* SearchViewModel.swift */; };
		AC91031B2A0EBBA000B76BB3 /* CustomButton.swift in Sources */ = {isa = PBXBuildFile; fileRef = AC91031A2A0EBBA000B76BB3 /* CustomButton.swift */; };
		AC91031D2A0EC4E500B76BB3 /* CustomCheckbox.swift in Sources */ = {isa = PBXBuildFile; fileRef = AC91031C2A0EC4E500B76BB3 /* CustomCheckbox.swift */; };
		AC91031F2A0EE44200B76BB3 /* PictureBox.swift in Sources */ = {isa = PBXBuildFile; fileRef = AC91031E2A0EE44200B76BB3 /* PictureBox.swift */; };
		AC9103232A0EECDE00B76BB3 /* Injection.swift in Sources */ = {isa = PBXBuildFile; fileRef = AC9103222A0EECDE00B76BB3 /* Injection.swift */; };
		AC9103252A0EF35000B76BB3 /* MovieScreenView.swift in Sources */ = {isa = PBXBuildFile; fileRef = AC9103242A0EF35000B76BB3 /* MovieScreenView.swift */; };
		AC93059C2A0E685A00DC687C /* FilterScreenView.swift in Sources */ = {isa = PBXBuildFile; fileRef = AC93059B2A0E685A00DC687C /* FilterScreenView.swift */; };
		AC9305A12A0E6D7D00DC687C /* FilterCategoryModel.swift in Sources */ = {isa = PBXBuildFile; fileRef = AC9305A02A0E6D7D00DC687C /* FilterCategoryModel.swift */; };
		AC9305A32A0E6DCA00DC687C /* FilterCategoryExtension.swift in Sources */ = {isa = PBXBuildFile; fileRef = AC9305A22A0E6DCA00DC687C /* FilterCategoryExtension.swift */; };
		AC94143C2A16B3BA0093F260 /* PersonModel.swift in Sources */ = {isa = PBXBuildFile; fileRef = AC94143B2A16B3BA0093F260 /* PersonModel.swift */; };
		AC94143E2A16E0E00093F260 /* PersonCard.swift in Sources */ = {isa = PBXBuildFile; fileRef = AC94143D2A16E0E00093F260 /* PersonCard.swift */; };
		AC9414402A16E5E50093F260 /* RatingStars.swift in Sources */ = {isa = PBXBuildFile; fileRef = AC94143F2A16E5E50093F260 /* RatingStars.swift */; };
		AC9534662A190D3300244118 /* AppConfig.swift in Sources */ = {isa = PBXBuildFile; fileRef = AC9534652A190D3300244118 /* AppConfig.swift */; };
		AC9534682A190DF400244118 /* .gitignore in Resources */ = {isa = PBXBuildFile; fileRef = AC9534672A190DF400244118 /* .gitignore */; };
		AC95C3C02A267F0E009D4F2D /* R.swift in Sources */ = {isa = PBXBuildFile; fileRef = AC95C3BF2A267F0E009D4F2D /* R.swift */; };
		AC95C3C52A268075009D4F2D /* Login.strings in Resources */ = {isa = PBXBuildFile; fileRef = AC95C3C42A268075009D4F2D /* Login.strings */; };
		AC95C3C72A268460009D4F2D /* TabBar.strings in Resources */ = {isa = PBXBuildFile; fileRef = AC95C3C62A268460009D4F2D /* TabBar.strings */; };
		AC95C3C92A2685B6009D4F2D /* Search.strings in Resources */ = {isa = PBXBuildFile; fileRef = AC95C3C82A2685B6009D4F2D /* Search.strings */; };
		AC95C3CB2A268C31009D4F2D /* Favorite.strings in Resources */ = {isa = PBXBuildFile; fileRef = AC95C3CA2A268C31009D4F2D /* Favorite.strings */; };
		AC95C3CD2A268CFC009D4F2D /* Filter.strings in Resources */ = {isa = PBXBuildFile; fileRef = AC95C3CC2A268CFC009D4F2D /* Filter.strings */; };
		AC95C3CF2A269C6D009D4F2D /* Movie.strings in Resources */ = {isa = PBXBuildFile; fileRef = AC95C3CE2A269C6D009D4F2D /* Movie.strings */; };
		AC95C3D12A269E1D009D4F2D /* Profile.strings in Resources */ = {isa = PBXBuildFile; fileRef = AC95C3D02A269E1D009D4F2D /* Profile.strings */; };
		AC95C3D52A26A8B2009D4F2D /* MovieEntity.swift in Sources */ = {isa = PBXBuildFile; fileRef = AC95C3D42A26A8B2009D4F2D /* MovieEntity.swift */; };
		AC95C3D72A26A8CF009D4F2D /* MovieRatingEntity.swift in Sources */ = {isa = PBXBuildFile; fileRef = AC95C3D62A26A8CF009D4F2D /* MovieRatingEntity.swift */; };
		AC95C3DA2A26A901009D4F2D /* MovieRepository.swift in Sources */ = {isa = PBXBuildFile; fileRef = AC95C3D92A26A901009D4F2D /* MovieRepository.swift */; };
		AC95C3DC2A26AC70009D4F2D /* EntityConverter.swift in Sources */ = {isa = PBXBuildFile; fileRef = AC95C3DB2A26AC70009D4F2D /* EntityConverter.swift */; };
		AC964BED2A24D47A00C886CC /* CustomSelect.swift in Sources */ = {isa = PBXBuildFile; fileRef = AC964BEC2A24D47A00C886CC /* CustomSelect.swift */; };
		AC964BF02A25213B00C886CC /* KinopoiskAPI.swift in Sources */ = {isa = PBXBuildFile; fileRef = AC964BEF2A25213B00C886CC /* KinopoiskAPI.swift */; };
		AC964BF82A25266200C886CC /* AppConstants.swift in Sources */ = {isa = PBXBuildFile; fileRef = AC964BF72A25266100C886CC /* AppConstants.swift */; };
		AC964BFB2A252C5800C886CC /* PersonDTO.swift in Sources */ = {isa = PBXBuildFile; fileRef = AC964BFA2A252C5800C886CC /* PersonDTO.swift */; };
		AC964BFF2A2546BF00C886CC /* NetworkPaginator.swift in Sources */ = {isa = PBXBuildFile; fileRef = AC964BFE2A2546BF00C886CC /* NetworkPaginator.swift */; };
		AC97C6262A125A3100BC19BE /* LoadingIndicator.swift in Sources */ = {isa = PBXBuildFile; fileRef = AC97C6252A125A3100BC19BE /* LoadingIndicator.swift */; };
		AC97C6282A125AD600BC19BE /* MovieDetailViewModel.swift in Sources */ = {isa = PBXBuildFile; fileRef = AC97C6272A125AD600BC19BE /* MovieDetailViewModel.swift */; };
		AC97C62A2A126BD100BC19BE /* MovieDetailModel.swift in Sources */ = {isa = PBXBuildFile; fileRef = AC97C6292A126BD100BC19BE /* MovieDetailModel.swift */; };
		AC98B1FD2A10168B003CCD30 /* NetworkManager.swift in Sources */ = {isa = PBXBuildFile; fileRef = AC98B1FC2A10168B003CCD30 /* NetworkManager.swift */; };
		AC98B2012A101EDB003CCD30 /* MovieModel.swift in Sources */ = {isa = PBXBuildFile; fileRef = AC98B2002A101EDB003CCD30 /* MovieModel.swift */; };
		AC99272D2A181917004AFB53 /* AsyncImage.swift in Sources */ = {isa = PBXBuildFile; fileRef = AC99272C2A181917004AFB53 /* AsyncImage.swift */; };
		AC9973172A1BFF51006871CF /* AuthViewModel.swift in Sources */ = {isa = PBXBuildFile; fileRef = AC9973162A1BFF51006871CF /* AuthViewModel.swift */; };
		AC99731B2A1C151B006871CF /* ProfileScreenView.swift in Sources */ = {isa = PBXBuildFile; fileRef = AC99731A2A1C151B006871CF /* ProfileScreenView.swift */; };
		AC9D43A92A261E3100E7F2F0 /* MovieDTO.swift in Sources */ = {isa = PBXBuildFile; fileRef = AC9D43A82A261E3100E7F2F0 /* MovieDTO.swift */; };
		AC9D43AB2A261E6600E7F2F0 /* Protocols.swift in Sources */ = {isa = PBXBuildFile; fileRef = AC9D43AA2A261E6600E7F2F0 /* Protocols.swift */; };
		AC9D43AE2A261F0000E7F2F0 /* DTOConverter.swift in Sources */ = {isa = PBXBuildFile; fileRef = AC9D43AD2A261F0000E7F2F0 /* DTOConverter.swift */; };
		ACA250032A0E7EF100DA11E0 /* ViewExtension.swift in Sources */ = {isa = PBXBuildFile; fileRef = ACA250022A0E7EF100DA11E0 /* ViewExtension.swift */; };
		ACA2B5EB2A0D5D170065CBB1 /* MovieTimeApp.swift in Sources */ = {isa = PBXBuildFile; fileRef = ACA2B5EA2A0D5D170065CBB1 /* MovieTimeApp.swift */; };
		ACA2B5ED2A0D5D170065CBB1 /* ContentView.swift in Sources */ = {isa = PBXBuildFile; fileRef = ACA2B5EC2A0D5D170065CBB1 /* ContentView.swift */; };
		ACA2B5EF2A0D5D190065CBB1 /* Assets.xcassets in Resources */ = {isa = PBXBuildFile; fileRef = ACA2B5EE2A0D5D190065CBB1 /* Assets.xcassets */; };
		ACA2B5FA2A0D6A650065CBB1 /* SFProDisplay-Regular.ttf in Resources */ = {isa = PBXBuildFile; fileRef = ACA2B5F92A0D6A640065CBB1 /* SFProDisplay-Regular.ttf */; };
		ACA2B5FC2A0D6A9B0065CBB1 /* SFProDisplay-Bold.ttf in Resources */ = {isa = PBXBuildFile; fileRef = ACA2B5FB2A0D6A9B0065CBB1 /* SFProDisplay-Bold.ttf */; };
		ACA2B6022A0D6C2E0065CBB1 /* FontExtension.swift in Sources */ = {isa = PBXBuildFile; fileRef = ACA2B6012A0D6C2E0065CBB1 /* FontExtension.swift */; };
		ACA2B6042A0D6EB60065CBB1 /* TextExtension.swift in Sources */ = {isa = PBXBuildFile; fileRef = ACA2B6032A0D6EB60065CBB1 /* TextExtension.swift */; };
		ACA2B6092A0D73A60065CBB1 /* ColorExtension.swift in Sources */ = {isa = PBXBuildFile; fileRef = ACA2B6082A0D73A60065CBB1 /* ColorExtension.swift */; };
		ACA2B60D2A0D85BF0065CBB1 /* .swiftlint.yml in Resources */ = {isa = PBXBuildFile; fileRef = ACA2B60C2A0D85BF0065CBB1 /* .swiftlint.yml */; };
		ACA2B6102A0D8ABE0065CBB1 /* LoginScreenView.swift in Sources */ = {isa = PBXBuildFile; fileRef = ACA2B60F2A0D8ABE0065CBB1 /* LoginScreenView.swift */; };
		ACA2B6122A0D8B5C0065CBB1 /* MainScreenView.swift in Sources */ = {isa = PBXBuildFile; fileRef = ACA2B6112A0D8B5C0065CBB1 /* MainScreenView.swift */; };
		ACA2B6142A0D93810065CBB1 /* SearchScreenView.swift in Sources */ = {isa = PBXBuildFile; fileRef = ACA2B6132A0D93810065CBB1 /* SearchScreenView.swift */; };
		ACA2B6162A0D93A30065CBB1 /* BookmarkScreenView.swift in Sources */ = {isa = PBXBuildFile; fileRef = ACA2B6152A0D93A30065CBB1 /* BookmarkScreenView.swift */; };
		ACAD0CE72A28D9D9004B947D /* PersonEntity.swift in Sources */ = {isa = PBXBuildFile; fileRef = ACAD0CE62A28D9D9004B947D /* PersonEntity.swift */; };
		ACAD0CE92A28DA29004B947D /* GenreEntity.swift in Sources */ = {isa = PBXBuildFile; fileRef = ACAD0CE82A28DA29004B947D /* GenreEntity.swift */; };
		ACAD0CEB2A28DD0A004B947D /* GenreModel.swift in Sources */ = {isa = PBXBuildFile; fileRef = ACAD0CEA2A28DD0A004B947D /* GenreModel.swift */; };
		ACAD0CF12A28FDE1004B947D /* DeviceImage.swift in Sources */ = {isa = PBXBuildFile; fileRef = ACAD0CF02A28FDE1004B947D /* DeviceImage.swift */; };
		ACAD0CF32A290F75004B947D /* CustomMovieScreenView.swift in Sources */ = {isa = PBXBuildFile; fileRef = ACAD0CF22A290F75004B947D /* CustomMovieScreenView.swift */; };
		ACAD0CF52A292469004B947D /* MoviePosterBox.swift in Sources */ = {isa = PBXBuildFile; fileRef = ACAD0CF42A292469004B947D /* MoviePosterBox.swift */; };
		ACAD0CF72A292A6D004B947D /* CustomMovieViewModel.swift in Sources */ = {isa = PBXBuildFile; fileRef = ACAD0CF62A292A6D004B947D /* CustomMovieViewModel.swift */; };
/* End PBXBuildFile section */

/* Begin PBXFileReference section */
		0925FC1C985F4163B5590F84 /* Pods-MovieTime.debug.xcconfig */ = {isa = PBXFileReference; includeInIndex = 1; lastKnownFileType = text.xcconfig; name = "Pods-MovieTime.debug.xcconfig"; path = "Target Support Files/Pods-MovieTime/Pods-MovieTime.debug.xcconfig"; sourceTree = "<group>"; };
		54BD298F3BBB263F13CE27C3 /* Pods_MovieTime.framework */ = {isa = PBXFileReference; explicitFileType = wrapper.framework; includeInIndex = 0; path = Pods_MovieTime.framework; sourceTree = BUILT_PRODUCTS_DIR; };
		AC0E5A9B2A22AB210055C0F5 /* BookmarkViewModel.swift */ = {isa = PBXFileReference; lastKnownFileType = sourcecode.swift; path = BookmarkViewModel.swift; sourceTree = "<group>"; };
		AC0E5A9F2A22BAA40055C0F5 /* MovieCard.swift */ = {isa = PBXFileReference; lastKnownFileType = sourcecode.swift; path = MovieCard.swift; sourceTree = "<group>"; };
		AC4207392A12D54600974A6B /* CustomNavigationBar.swift */ = {isa = PBXFileReference; lastKnownFileType = sourcecode.swift; path = CustomNavigationBar.swift; sourceTree = "<group>"; };
		AC42073B2A12D95700974A6B /* ScrollViewOffsetPreferenceKey.swift */ = {isa = PBXFileReference; lastKnownFileType = sourcecode.swift; path = ScrollViewOffsetPreferenceKey.swift; sourceTree = "<group>"; };
		AC8FB3C32A27978800F3E55F /* MovieRatingRepository.swift */ = {isa = PBXFileReference; lastKnownFileType = sourcecode.swift; path = MovieRatingRepository.swift; sourceTree = "<group>"; };
		AC8FB3C52A279A6300F3E55F /* ShareService.swift */ = {isa = PBXFileReference; lastKnownFileType = sourcecode.swift; path = ShareService.swift; sourceTree = "<group>"; };
		AC8FB3C72A27A64700F3E55F /* UIApplicationExtension.swift */ = {isa = PBXFileReference; lastKnownFileType = sourcecode.swift; path = UIApplicationExtension.swift; sourceTree = "<group>"; };
		AC8FB3C92A27C17C00F3E55F /* StringFormatter.swift */ = {isa = PBXFileReference; lastKnownFileType = sourcecode.swift; path = StringFormatter.swift; sourceTree = "<group>"; };
		AC9103172A0EB63300B76BB3 /* SearchViewModel.swift */ = {isa = PBXFileReference; lastKnownFileType = sourcecode.swift; path = SearchViewModel.swift; sourceTree = "<group>"; };
		AC91031A2A0EBBA000B76BB3 /* CustomButton.swift */ = {isa = PBXFileReference; lastKnownFileType = sourcecode.swift; path = CustomButton.swift; sourceTree = "<group>"; };
		AC91031C2A0EC4E500B76BB3 /* CustomCheckbox.swift */ = {isa = PBXFileReference; lastKnownFileType = sourcecode.swift; path = CustomCheckbox.swift; sourceTree = "<group>"; };
		AC91031E2A0EE44200B76BB3 /* PictureBox.swift */ = {isa = PBXFileReference; lastKnownFileType = sourcecode.swift; path = PictureBox.swift; sourceTree = "<group>"; };
		AC9103222A0EECDE00B76BB3 /* Injection.swift */ = {isa = PBXFileReference; lastKnownFileType = sourcecode.swift; path = Injection.swift; sourceTree = "<group>"; };
		AC9103242A0EF35000B76BB3 /* MovieScreenView.swift */ = {isa = PBXFileReference; lastKnownFileType = sourcecode.swift; path = MovieScreenView.swift; sourceTree = "<group>"; };
		AC93059B2A0E685A00DC687C /* FilterScreenView.swift */ = {isa = PBXFileReference; lastKnownFileType = sourcecode.swift; path = FilterScreenView.swift; sourceTree = "<group>"; };
		AC9305A02A0E6D7D00DC687C /* FilterCategoryModel.swift */ = {isa = PBXFileReference; lastKnownFileType = sourcecode.swift; path = FilterCategoryModel.swift; sourceTree = "<group>"; };
		AC9305A22A0E6DCA00DC687C /* FilterCategoryExtension.swift */ = {isa = PBXFileReference; lastKnownFileType = sourcecode.swift; path = FilterCategoryExtension.swift; sourceTree = "<group>"; };
		AC94143B2A16B3BA0093F260 /* PersonModel.swift */ = {isa = PBXFileReference; lastKnownFileType = sourcecode.swift; path = PersonModel.swift; sourceTree = "<group>"; };
		AC94143D2A16E0E00093F260 /* PersonCard.swift */ = {isa = PBXFileReference; lastKnownFileType = sourcecode.swift; path = PersonCard.swift; sourceTree = "<group>"; };
		AC94143F2A16E5E50093F260 /* RatingStars.swift */ = {isa = PBXFileReference; lastKnownFileType = sourcecode.swift; path = RatingStars.swift; sourceTree = "<group>"; };
		AC9534652A190D3300244118 /* AppConfig.swift */ = {isa = PBXFileReference; lastKnownFileType = sourcecode.swift; path = AppConfig.swift; sourceTree = "<group>"; };
		AC9534672A190DF400244118 /* .gitignore */ = {isa = PBXFileReference; lastKnownFileType = text; path = .gitignore; sourceTree = "<group>"; };
		AC95C3BF2A267F0E009D4F2D /* R.swift */ = {isa = PBXFileReference; fileEncoding = 4; lastKnownFileType = sourcecode.swift; name = R.swift; path = MovieTime/Resources/R.swift; sourceTree = SOURCE_ROOT; };
		AC95C3C42A268075009D4F2D /* Login.strings */ = {isa = PBXFileReference; lastKnownFileType = text.plist.strings; path = Login.strings; sourceTree = "<group>"; };
		AC95C3C62A268460009D4F2D /* TabBar.strings */ = {isa = PBXFileReference; lastKnownFileType = text.plist.strings; path = TabBar.strings; sourceTree = "<group>"; };
		AC95C3C82A2685B6009D4F2D /* Search.strings */ = {isa = PBXFileReference; lastKnownFileType = text.plist.strings; path = Search.strings; sourceTree = "<group>"; };
		AC95C3CA2A268C31009D4F2D /* Favorite.strings */ = {isa = PBXFileReference; lastKnownFileType = text.plist.strings; path = Favorite.strings; sourceTree = "<group>"; };
		AC95C3CC2A268CFC009D4F2D /* Filter.strings */ = {isa = PBXFileReference; lastKnownFileType = text.plist.strings; path = Filter.strings; sourceTree = "<group>"; };
		AC95C3CE2A269C6D009D4F2D /* Movie.strings */ = {isa = PBXFileReference; lastKnownFileType = text.plist.strings; path = Movie.strings; sourceTree = "<group>"; };
		AC95C3D02A269E1D009D4F2D /* Profile.strings */ = {isa = PBXFileReference; lastKnownFileType = text.plist.strings; path = Profile.strings; sourceTree = "<group>"; };
		AC95C3D42A26A8B2009D4F2D /* MovieEntity.swift */ = {isa = PBXFileReference; lastKnownFileType = sourcecode.swift; path = MovieEntity.swift; sourceTree = "<group>"; };
		AC95C3D62A26A8CF009D4F2D /* MovieRatingEntity.swift */ = {isa = PBXFileReference; lastKnownFileType = sourcecode.swift; path = MovieRatingEntity.swift; sourceTree = "<group>"; };
		AC95C3D92A26A901009D4F2D /* MovieRepository.swift */ = {isa = PBXFileReference; lastKnownFileType = sourcecode.swift; path = MovieRepository.swift; sourceTree = "<group>"; };
		AC95C3DB2A26AC70009D4F2D /* EntityConverter.swift */ = {isa = PBXFileReference; lastKnownFileType = sourcecode.swift; path = EntityConverter.swift; sourceTree = "<group>"; };
		AC964BEC2A24D47A00C886CC /* CustomSelect.swift */ = {isa = PBXFileReference; lastKnownFileType = sourcecode.swift; path = CustomSelect.swift; sourceTree = "<group>"; };
		AC964BEF2A25213B00C886CC /* KinopoiskAPI.swift */ = {isa = PBXFileReference; lastKnownFileType = sourcecode.swift; path = KinopoiskAPI.swift; sourceTree = "<group>"; };
		AC964BF72A25266100C886CC /* AppConstants.swift */ = {isa = PBXFileReference; lastKnownFileType = sourcecode.swift; path = AppConstants.swift; sourceTree = "<group>"; };
		AC964BFA2A252C5800C886CC /* PersonDTO.swift */ = {isa = PBXFileReference; lastKnownFileType = sourcecode.swift; path = PersonDTO.swift; sourceTree = "<group>"; };
		AC964BFE2A2546BF00C886CC /* NetworkPaginator.swift */ = {isa = PBXFileReference; lastKnownFileType = sourcecode.swift; path = NetworkPaginator.swift; sourceTree = "<group>"; };
		AC97C6252A125A3100BC19BE /* LoadingIndicator.swift */ = {isa = PBXFileReference; lastKnownFileType = sourcecode.swift; path = LoadingIndicator.swift; sourceTree = "<group>"; };
		AC97C6272A125AD600BC19BE /* MovieDetailViewModel.swift */ = {isa = PBXFileReference; lastKnownFileType = sourcecode.swift; path = MovieDetailViewModel.swift; sourceTree = "<group>"; };
		AC97C6292A126BD100BC19BE /* MovieDetailModel.swift */ = {isa = PBXFileReference; lastKnownFileType = sourcecode.swift; path = MovieDetailModel.swift; sourceTree = "<group>"; };
		AC98B1FC2A10168B003CCD30 /* NetworkManager.swift */ = {isa = PBXFileReference; lastKnownFileType = sourcecode.swift; path = NetworkManager.swift; sourceTree = "<group>"; };
		AC98B2002A101EDB003CCD30 /* MovieModel.swift */ = {isa = PBXFileReference; lastKnownFileType = sourcecode.swift; path = MovieModel.swift; sourceTree = "<group>"; };
		AC99272C2A181917004AFB53 /* AsyncImage.swift */ = {isa = PBXFileReference; lastKnownFileType = sourcecode.swift; path = AsyncImage.swift; sourceTree = "<group>"; };
		AC9973162A1BFF51006871CF /* AuthViewModel.swift */ = {isa = PBXFileReference; lastKnownFileType = sourcecode.swift; path = AuthViewModel.swift; sourceTree = "<group>"; };
		AC99731A2A1C151B006871CF /* ProfileScreenView.swift */ = {isa = PBXFileReference; lastKnownFileType = sourcecode.swift; path = ProfileScreenView.swift; sourceTree = "<group>"; };
		AC9D43A82A261E3100E7F2F0 /* MovieDTO.swift */ = {isa = PBXFileReference; lastKnownFileType = sourcecode.swift; path = MovieDTO.swift; sourceTree = "<group>"; };
		AC9D43AA2A261E6600E7F2F0 /* Protocols.swift */ = {isa = PBXFileReference; lastKnownFileType = sourcecode.swift; path = Protocols.swift; sourceTree = "<group>"; };
		AC9D43AD2A261F0000E7F2F0 /* DTOConverter.swift */ = {isa = PBXFileReference; lastKnownFileType = sourcecode.swift; path = DTOConverter.swift; sourceTree = "<group>"; };
		ACA250022A0E7EF100DA11E0 /* ViewExtension.swift */ = {isa = PBXFileReference; lastKnownFileType = sourcecode.swift; path = ViewExtension.swift; sourceTree = "<group>"; };
		ACA2B5E72A0D5D170065CBB1 /* MovieTime.app */ = {isa = PBXFileReference; explicitFileType = wrapper.application; includeInIndex = 0; path = MovieTime.app; sourceTree = BUILT_PRODUCTS_DIR; };
		ACA2B5EA2A0D5D170065CBB1 /* MovieTimeApp.swift */ = {isa = PBXFileReference; lastKnownFileType = sourcecode.swift; path = MovieTimeApp.swift; sourceTree = "<group>"; };
		ACA2B5EC2A0D5D170065CBB1 /* ContentView.swift */ = {isa = PBXFileReference; lastKnownFileType = sourcecode.swift; path = ContentView.swift; sourceTree = "<group>"; };
		ACA2B5EE2A0D5D190065CBB1 /* Assets.xcassets */ = {isa = PBXFileReference; lastKnownFileType = folder.assetcatalog; path = Assets.xcassets; sourceTree = "<group>"; };
		ACA2B5F12A0D5D190065CBB1 /* Preview Assets.xcassets */ = {isa = PBXFileReference; lastKnownFileType = folder.assetcatalog; path = "Preview Assets.xcassets"; sourceTree = "<group>"; };
		ACA2B5F92A0D6A640065CBB1 /* SFProDisplay-Regular.ttf */ = {isa = PBXFileReference; lastKnownFileType = file; path = "SFProDisplay-Regular.ttf"; sourceTree = "<group>"; };
		ACA2B5FB2A0D6A9B0065CBB1 /* SFProDisplay-Bold.ttf */ = {isa = PBXFileReference; lastKnownFileType = file; path = "SFProDisplay-Bold.ttf"; sourceTree = "<group>"; };
		ACA2B5FD2A0D6AE00065CBB1 /* Info.plist */ = {isa = PBXFileReference; lastKnownFileType = text.plist; path = Info.plist; sourceTree = "<group>"; };
		ACA2B6012A0D6C2E0065CBB1 /* FontExtension.swift */ = {isa = PBXFileReference; lastKnownFileType = sourcecode.swift; path = FontExtension.swift; sourceTree = "<group>"; };
		ACA2B6032A0D6EB60065CBB1 /* TextExtension.swift */ = {isa = PBXFileReference; lastKnownFileType = sourcecode.swift; path = TextExtension.swift; sourceTree = "<group>"; };
		ACA2B6082A0D73A60065CBB1 /* ColorExtension.swift */ = {isa = PBXFileReference; lastKnownFileType = sourcecode.swift; path = ColorExtension.swift; sourceTree = "<group>"; };
		ACA2B60C2A0D85BF0065CBB1 /* .swiftlint.yml */ = {isa = PBXFileReference; fileEncoding = 4; lastKnownFileType = text.yaml; path = .swiftlint.yml; sourceTree = "<group>"; };
		ACA2B60F2A0D8ABE0065CBB1 /* LoginScreenView.swift */ = {isa = PBXFileReference; lastKnownFileType = sourcecode.swift; path = LoginScreenView.swift; sourceTree = "<group>"; };
		ACA2B6112A0D8B5C0065CBB1 /* MainScreenView.swift */ = {isa = PBXFileReference; lastKnownFileType = sourcecode.swift; path = MainScreenView.swift; sourceTree = "<group>"; };
		ACA2B6132A0D93810065CBB1 /* SearchScreenView.swift */ = {isa = PBXFileReference; lastKnownFileType = sourcecode.swift; path = SearchScreenView.swift; sourceTree = "<group>"; };
		ACA2B6152A0D93A30065CBB1 /* BookmarkScreenView.swift */ = {isa = PBXFileReference; lastKnownFileType = sourcecode.swift; path = BookmarkScreenView.swift; sourceTree = "<group>"; };
		ACAD0CE62A28D9D9004B947D /* PersonEntity.swift */ = {isa = PBXFileReference; lastKnownFileType = sourcecode.swift; path = PersonEntity.swift; sourceTree = "<group>"; };
		ACAD0CE82A28DA29004B947D /* GenreEntity.swift */ = {isa = PBXFileReference; lastKnownFileType = sourcecode.swift; path = GenreEntity.swift; sourceTree = "<group>"; };
		ACAD0CEA2A28DD0A004B947D /* GenreModel.swift */ = {isa = PBXFileReference; lastKnownFileType = sourcecode.swift; path = GenreModel.swift; sourceTree = "<group>"; };
		ACAD0CF02A28FDE1004B947D /* DeviceImage.swift */ = {isa = PBXFileReference; lastKnownFileType = sourcecode.swift; path = DeviceImage.swift; sourceTree = "<group>"; };
		ACAD0CF22A290F75004B947D /* CustomMovieScreenView.swift */ = {isa = PBXFileReference; lastKnownFileType = sourcecode.swift; path = CustomMovieScreenView.swift; sourceTree = "<group>"; };
		ACAD0CF42A292469004B947D /* MoviePosterBox.swift */ = {isa = PBXFileReference; lastKnownFileType = sourcecode.swift; path = MoviePosterBox.swift; sourceTree = "<group>"; };
		ACAD0CF62A292A6D004B947D /* CustomMovieViewModel.swift */ = {isa = PBXFileReference; lastKnownFileType = sourcecode.swift; path = CustomMovieViewModel.swift; sourceTree = "<group>"; };
		E2F6AA47F525A4217418C67F /* Pods-MovieTime.release.xcconfig */ = {isa = PBXFileReference; includeInIndex = 1; lastKnownFileType = text.xcconfig; name = "Pods-MovieTime.release.xcconfig"; path = "Target Support Files/Pods-MovieTime/Pods-MovieTime.release.xcconfig"; sourceTree = "<group>"; };
/* End PBXFileReference section */

/* Begin PBXFrameworksBuildPhase section */
		ACA2B5E42A0D5D170065CBB1 /* Frameworks */ = {
			isa = PBXFrameworksBuildPhase;
			buildActionMask = 2147483647;
			files = (
				0013C35791FF3D32612DD64E /* Pods_MovieTime.framework in Frameworks */,
			);
			runOnlyForDeploymentPostprocessing = 0;
		};
/* End PBXFrameworksBuildPhase section */

/* Begin PBXGroup section */
		79CE2CA18639A917405A46CB /* Frameworks */ = {
			isa = PBXGroup;
			children = (
				54BD298F3BBB263F13CE27C3 /* Pods_MovieTime.framework */,
			);
			name = Frameworks;
			sourceTree = "<group>";
		};
		AC9103162A0EB61400B76BB3 /* ViewModels */ = {
			isa = PBXGroup;
			children = (
				AC9103172A0EB63300B76BB3 /* SearchViewModel.swift */,
				AC97C6272A125AD600BC19BE /* MovieDetailViewModel.swift */,
				AC9973162A1BFF51006871CF /* AuthViewModel.swift */,
				AC0E5A9B2A22AB210055C0F5 /* BookmarkViewModel.swift */,
				ACAD0CF62A292A6D004B947D /* CustomMovieViewModel.swift */,
			);
			path = ViewModels;
			sourceTree = "<group>";
		};
		AC9103192A0EBB9500B76BB3 /* Components */ = {
			isa = PBXGroup;
			children = (
				AC99272C2A181917004AFB53 /* AsyncImage.swift */,
				AC91031A2A0EBBA000B76BB3 /* CustomButton.swift */,
				AC91031C2A0EC4E500B76BB3 /* CustomCheckbox.swift */,
				AC91031E2A0EE44200B76BB3 /* PictureBox.swift */,
				AC97C6252A125A3100BC19BE /* LoadingIndicator.swift */,
				AC4207392A12D54600974A6B /* CustomNavigationBar.swift */,
				AC42073B2A12D95700974A6B /* ScrollViewOffsetPreferenceKey.swift */,
				AC94143D2A16E0E00093F260 /* PersonCard.swift */,
				AC94143F2A16E5E50093F260 /* RatingStars.swift */,
				AC0E5A9F2A22BAA40055C0F5 /* MovieCard.swift */,
				AC964BEC2A24D47A00C886CC /* CustomSelect.swift */,
				ACAD0CF42A292469004B947D /* MoviePosterBox.swift */,
			);
			path = Components;
			sourceTree = "<group>";
		};
		AC93059D2A0E6D2000DC687C /* Models */ = {
			isa = PBXGroup;
			children = (
				AC9305A02A0E6D7D00DC687C /* FilterCategoryModel.swift */,
				AC98B2002A101EDB003CCD30 /* MovieModel.swift */,
				AC97C6292A126BD100BC19BE /* MovieDetailModel.swift */,
				AC94143B2A16B3BA0093F260 /* PersonModel.swift */,
				ACAD0CEA2A28DD0A004B947D /* GenreModel.swift */,
			);
			path = Models;
			sourceTree = "<group>";
		};
		AC95C3C22A26804C009D4F2D /* Resources */ = {
			isa = PBXGroup;
			children = (
				AC95C3C32A26805A009D4F2D /* Strings */,
				AC95C3BF2A267F0E009D4F2D /* R.swift */,
			);
			path = Resources;
			sourceTree = "<group>";
		};
		AC95C3C32A26805A009D4F2D /* Strings */ = {
			isa = PBXGroup;
			children = (
				AC95C3C42A268075009D4F2D /* Login.strings */,
				AC95C3C62A268460009D4F2D /* TabBar.strings */,
				AC95C3C82A2685B6009D4F2D /* Search.strings */,
				AC95C3CA2A268C31009D4F2D /* Favorite.strings */,
				AC95C3CC2A268CFC009D4F2D /* Filter.strings */,
				AC95C3CE2A269C6D009D4F2D /* Movie.strings */,
				AC95C3D02A269E1D009D4F2D /* Profile.strings */,
			);
			path = Strings;
			sourceTree = "<group>";
		};
		AC95C3D22A26A89D009D4F2D /* Database */ = {
			isa = PBXGroup;
			children = (
				AC95C3D82A26A8F1009D4F2D /* Repositories */,
				AC95C3D32A26A8A5009D4F2D /* Entities */,
			);
			path = Database;
			sourceTree = "<group>";
		};
		AC95C3D32A26A8A5009D4F2D /* Entities */ = {
			isa = PBXGroup;
			children = (
				AC95C3D42A26A8B2009D4F2D /* MovieEntity.swift */,
				AC95C3D62A26A8CF009D4F2D /* MovieRatingEntity.swift */,
				ACAD0CE62A28D9D9004B947D /* PersonEntity.swift */,
				ACAD0CE82A28DA29004B947D /* GenreEntity.swift */,
			);
			path = Entities;
			sourceTree = "<group>";
		};
		AC95C3D82A26A8F1009D4F2D /* Repositories */ = {
			isa = PBXGroup;
			children = (
				AC95C3D92A26A901009D4F2D /* MovieRepository.swift */,
				AC8FB3C32A27978800F3E55F /* MovieRatingRepository.swift */,
			);
			path = Repositories;
			sourceTree = "<group>";
		};
		AC964BEE2A25211D00C886CC /* Network */ = {
			isa = PBXGroup;
			children = (
				AC964BF92A252C4B00C886CC /* DTO */,
				AC964BEF2A25213B00C886CC /* KinopoiskAPI.swift */,
				AC98B1FC2A10168B003CCD30 /* NetworkManager.swift */,
				AC964BFE2A2546BF00C886CC /* NetworkPaginator.swift */,
			);
			path = Network;
			sourceTree = "<group>";
		};
		AC964BF92A252C4B00C886CC /* DTO */ = {
			isa = PBXGroup;
			children = (
				AC964BFA2A252C5800C886CC /* PersonDTO.swift */,
				AC9D43A82A261E3100E7F2F0 /* MovieDTO.swift */,
			);
			path = DTO;
			sourceTree = "<group>";
		};
		AC9D43AC2A261EEC00E7F2F0 /* Utilities */ = {
			isa = PBXGroup;
			children = (
				AC9D43AD2A261F0000E7F2F0 /* DTOConverter.swift */,
				AC95C3DB2A26AC70009D4F2D /* EntityConverter.swift */,
				AC8FB3C52A279A6300F3E55F /* ShareService.swift */,
				AC8FB3C92A27C17C00F3E55F /* StringFormatter.swift */,
				ACAD0CF02A28FDE1004B947D /* DeviceImage.swift */,
			);
			path = Utilities;
			sourceTree = "<group>";
		};
		ACA2B5DE2A0D5D170065CBB1 = {
			isa = PBXGroup;
			children = (
				AC9534672A190DF400244118 /* .gitignore */,
				ACA2B60C2A0D85BF0065CBB1 /* .swiftlint.yml */,
				ACA2B5E92A0D5D170065CBB1 /* MovieTime */,
				ACA2B5E82A0D5D170065CBB1 /* Products */,
				CC5F4CAF141F4FB904099DF9 /* Pods */,
				79CE2CA18639A917405A46CB /* Frameworks */,
			);
			sourceTree = "<group>";
		};
		ACA2B5E82A0D5D170065CBB1 /* Products */ = {
			isa = PBXGroup;
			children = (
				ACA2B5E72A0D5D170065CBB1 /* MovieTime.app */,
			);
			name = Products;
			sourceTree = "<group>";
		};
		ACA2B5E92A0D5D170065CBB1 /* MovieTime */ = {
			isa = PBXGroup;
			children = (
				AC95C3D22A26A89D009D4F2D /* Database */,
				AC95C3C22A26804C009D4F2D /* Resources */,
				AC9534652A190D3300244118 /* AppConfig.swift */,
				AC964BF72A25266100C886CC /* AppConstants.swift */,
				AC9D43AA2A261E6600E7F2F0 /* Protocols.swift */,
				AC9103222A0EECDE00B76BB3 /* Injection.swift */,
				AC964BEE2A25211D00C886CC /* Network */,
				AC9103192A0EBB9500B76BB3 /* Components */,
				AC9103162A0EB61400B76BB3 /* ViewModels */,
				AC93059D2A0E6D2000DC687C /* Models */,
				ACA2B60E2A0D8AA20065CBB1 /* Views */,
				ACA2B5FE2A0D6BF20065CBB1 /* Extensions */,
				AC9D43AC2A261EEC00E7F2F0 /* Utilities */,
				ACA2B5FD2A0D6AE00065CBB1 /* Info.plist */,
				ACA2B5F82A0D6A310065CBB1 /* Fonts */,
				ACA2B5EA2A0D5D170065CBB1 /* MovieTimeApp.swift */,
				ACA2B5EC2A0D5D170065CBB1 /* ContentView.swift */,
				ACA2B5EE2A0D5D190065CBB1 /* Assets.xcassets */,
				ACA2B5F02A0D5D190065CBB1 /* Preview Content */,
			);
			path = MovieTime;
			sourceTree = "<group>";
		};
		ACA2B5F02A0D5D190065CBB1 /* Preview Content */ = {
			isa = PBXGroup;
			children = (
				ACA2B5F12A0D5D190065CBB1 /* Preview Assets.xcassets */,
			);
			path = "Preview Content";
			sourceTree = "<group>";
		};
		ACA2B5F82A0D6A310065CBB1 /* Fonts */ = {
			isa = PBXGroup;
			children = (
				ACA2B5FB2A0D6A9B0065CBB1 /* SFProDisplay-Bold.ttf */,
				ACA2B5F92A0D6A640065CBB1 /* SFProDisplay-Regular.ttf */,
			);
			path = Fonts;
			sourceTree = "<group>";
		};
		ACA2B5FE2A0D6BF20065CBB1 /* Extensions */ = {
			isa = PBXGroup;
			children = (
				ACA2B6012A0D6C2E0065CBB1 /* FontExtension.swift */,
				ACA2B6032A0D6EB60065CBB1 /* TextExtension.swift */,
				ACA2B6082A0D73A60065CBB1 /* ColorExtension.swift */,
				AC9305A22A0E6DCA00DC687C /* FilterCategoryExtension.swift */,
				ACA250022A0E7EF100DA11E0 /* ViewExtension.swift */,
				AC8FB3C72A27A64700F3E55F /* UIApplicationExtension.swift */,
			);
			path = Extensions;
			sourceTree = "<group>";
		};
		ACA2B60E2A0D8AA20065CBB1 /* Views */ = {
			isa = PBXGroup;
			children = (
				ACA2B60F2A0D8ABE0065CBB1 /* LoginScreenView.swift */,
				ACA2B6112A0D8B5C0065CBB1 /* MainScreenView.swift */,
				ACA2B6132A0D93810065CBB1 /* SearchScreenView.swift */,
				ACA2B6152A0D93A30065CBB1 /* BookmarkScreenView.swift */,
				AC93059B2A0E685A00DC687C /* FilterScreenView.swift */,
				AC9103242A0EF35000B76BB3 /* MovieScreenView.swift */,
				AC99731A2A1C151B006871CF /* ProfileScreenView.swift */,
				ACAD0CF22A290F75004B947D /* CustomMovieScreenView.swift */,
			);
			path = Views;
			sourceTree = "<group>";
		};
		CC5F4CAF141F4FB904099DF9 /* Pods */ = {
			isa = PBXGroup;
			children = (
				0925FC1C985F4163B5590F84 /* Pods-MovieTime.debug.xcconfig */,
				E2F6AA47F525A4217418C67F /* Pods-MovieTime.release.xcconfig */,
			);
			path = Pods;
			sourceTree = "<group>";
		};
/* End PBXGroup section */

/* Begin PBXNativeTarget section */
		ACA2B5E62A0D5D170065CBB1 /* MovieTime */ = {
			isa = PBXNativeTarget;
			buildConfigurationList = ACA2B5F52A0D5D190065CBB1 /* Build configuration list for PBXNativeTarget "MovieTime" */;
			buildPhases = (
				A9636AD8D6520112BB61A2E2 /* [CP] Check Pods Manifest.lock */,
				ACA2B5E32A0D5D170065CBB1 /* Sources */,
				AC95C3BE2A267CDC009D4F2D /* Run Script */,
				ACA2B5E42A0D5D170065CBB1 /* Frameworks */,
				ACA2B5E52A0D5D170065CBB1 /* Resources */,
				ACA2B60A2A0D7C0E0065CBB1 /* Run Script */,
				59A0BBD3239EDC484B3A9100 /* [CP] Embed Pods Frameworks */,
			);
			buildRules = (
			);
			dependencies = (
			);
			name = MovieTime;
			productName = MovieTime;
			productReference = ACA2B5E72A0D5D170065CBB1 /* MovieTime.app */;
			productType = "com.apple.product-type.application";
		};
/* End PBXNativeTarget section */

/* Begin PBXProject section */
		ACA2B5DF2A0D5D170065CBB1 /* Project object */ = {
			isa = PBXProject;
			attributes = {
				BuildIndependentTargetsInParallel = 1;
				LastSwiftUpdateCheck = 1400;
				LastUpgradeCheck = 1400;
				TargetAttributes = {
					ACA2B5E62A0D5D170065CBB1 = {
						CreatedOnToolsVersion = 14.0;
					};
				};
			};
			buildConfigurationList = ACA2B5E22A0D5D170065CBB1 /* Build configuration list for PBXProject "MovieTime" */;
			compatibilityVersion = "Xcode 14.0";
			developmentRegion = en;
			hasScannedForEncodings = 0;
			knownRegions = (
				en,
				Base,
			);
			mainGroup = ACA2B5DE2A0D5D170065CBB1;
			productRefGroup = ACA2B5E82A0D5D170065CBB1 /* Products */;
			projectDirPath = "";
			projectRoot = "";
			targets = (
				ACA2B5E62A0D5D170065CBB1 /* MovieTime */,
			);
		};
/* End PBXProject section */

/* Begin PBXResourcesBuildPhase section */
		ACA2B5E52A0D5D170065CBB1 /* Resources */ = {
			isa = PBXResourcesBuildPhase;
			buildActionMask = 2147483647;
			files = (
				AC95C3D12A269E1D009D4F2D /* Profile.strings in Resources */,
				AC95C3CD2A268CFC009D4F2D /* Filter.strings in Resources */,
				AC9534682A190DF400244118 /* .gitignore in Resources */,
				ACA2B60D2A0D85BF0065CBB1 /* .swiftlint.yml in Resources */,
				AC95C3CB2A268C31009D4F2D /* Favorite.strings in Resources */,
				AC95C3CF2A269C6D009D4F2D /* Movie.strings in Resources */,
				ACA2B5FA2A0D6A650065CBB1 /* SFProDisplay-Regular.ttf in Resources */,
				ACA2B5EF2A0D5D190065CBB1 /* Assets.xcassets in Resources */,
				AC95C3C92A2685B6009D4F2D /* Search.strings in Resources */,
				AC95C3C52A268075009D4F2D /* Login.strings in Resources */,
				AC95C3C72A268460009D4F2D /* TabBar.strings in Resources */,
				ACA2B5FC2A0D6A9B0065CBB1 /* SFProDisplay-Bold.ttf in Resources */,
			);
			runOnlyForDeploymentPostprocessing = 0;
		};
/* End PBXResourcesBuildPhase section */

/* Begin PBXShellScriptBuildPhase section */
		59A0BBD3239EDC484B3A9100 /* [CP] Embed Pods Frameworks */ = {
			isa = PBXShellScriptBuildPhase;
			buildActionMask = 2147483647;
			files = (
			);
			inputFileListPaths = (
				"${PODS_ROOT}/Target Support Files/Pods-MovieTime/Pods-MovieTime-frameworks-${CONFIGURATION}-input-files.xcfilelist",
			);
			name = "[CP] Embed Pods Frameworks";
			outputFileListPaths = (
				"${PODS_ROOT}/Target Support Files/Pods-MovieTime/Pods-MovieTime-frameworks-${CONFIGURATION}-output-files.xcfilelist",
			);
			runOnlyForDeploymentPostprocessing = 0;
			shellPath = /bin/sh;
			shellScript = "\"${PODS_ROOT}/Target Support Files/Pods-MovieTime/Pods-MovieTime-frameworks.sh\"\n";
			showEnvVarsInLog = 0;
		};
		A9636AD8D6520112BB61A2E2 /* [CP] Check Pods Manifest.lock */ = {
			isa = PBXShellScriptBuildPhase;
			buildActionMask = 2147483647;
			files = (
			);
			inputFileListPaths = (
			);
			inputPaths = (
				"${PODS_PODFILE_DIR_PATH}/Podfile.lock",
				"${PODS_ROOT}/Manifest.lock",
			);
			name = "[CP] Check Pods Manifest.lock";
			outputFileListPaths = (
			);
			outputPaths = (
				"$(DERIVED_FILE_DIR)/Pods-MovieTime-checkManifestLockResult.txt",
			);
			runOnlyForDeploymentPostprocessing = 0;
			shellPath = /bin/sh;
			shellScript = "diff \"${PODS_PODFILE_DIR_PATH}/Podfile.lock\" \"${PODS_ROOT}/Manifest.lock\" > /dev/null\nif [ $? != 0 ] ; then\n    # print error to STDERR\n    echo \"error: The sandbox is not in sync with the Podfile.lock. Run 'pod install' or update your CocoaPods installation.\" >&2\n    exit 1\nfi\n# This output is used by Xcode 'outputs' to avoid re-running this script phase.\necho \"SUCCESS\" > \"${SCRIPT_OUTPUT_FILE_0}\"\n";
			showEnvVarsInLog = 0;
		};
		AC95C3BE2A267CDC009D4F2D /* Run Script */ = {
			isa = PBXShellScriptBuildPhase;
			alwaysOutOfDate = 1;
			buildActionMask = 2147483647;
			files = (
			);
			inputFileListPaths = (
			);
			inputPaths = (
			);
			name = "Run Script";
			outputFileListPaths = (
			);
			outputPaths = (
				$SRCROOT/R.generated.swift,
			);
			runOnlyForDeploymentPostprocessing = 0;
			shellPath = /bin/sh;
			shellScript = "\"$PODS_ROOT/R.swift/rswift\" generate \"$SRCROOT/R.generated.swift\"\n";
		};
		ACA2B60A2A0D7C0E0065CBB1 /* Run Script */ = {
			isa = PBXShellScriptBuildPhase;
			buildActionMask = 2147483647;
			files = (
			);
			inputFileListPaths = (
			);
			inputPaths = (
			);
			name = "Run Script";
			outputFileListPaths = (
			);
			outputPaths = (
			);
			runOnlyForDeploymentPostprocessing = 0;
			shellPath = /bin/sh;
			shellScript = "if which swiftlint >/dev/null; then\n  swiftlint\nelse\n  echo \"warning: SwiftLint not installed, download from https://github.com/realm/SwiftLint\"\nfi\n";
		};
/* End PBXShellScriptBuildPhase section */

/* Begin PBXSourcesBuildPhase section */
		ACA2B5E32A0D5D170065CBB1 /* Sources */ = {
			isa = PBXSourcesBuildPhase;
			buildActionMask = 2147483647;
			files = (
				AC98B2012A101EDB003CCD30 /* MovieModel.swift in Sources */,
				AC42073A2A12D54600974A6B /* CustomNavigationBar.swift in Sources */,
				AC964BF82A25266200C886CC /* AppConstants.swift in Sources */,
				AC95C3DC2A26AC70009D4F2D /* EntityConverter.swift in Sources */,
				ACAD0CE72A28D9D9004B947D /* PersonEntity.swift in Sources */,
				AC93059C2A0E685A00DC687C /* FilterScreenView.swift in Sources */,
				AC95C3DA2A26A901009D4F2D /* MovieRepository.swift in Sources */,
				ACAD0CF72A292A6D004B947D /* CustomMovieViewModel.swift in Sources */,
				AC99731B2A1C151B006871CF /* ProfileScreenView.swift in Sources */,
				AC94143C2A16B3BA0093F260 /* PersonModel.swift in Sources */,
				AC964BFB2A252C5800C886CC /* PersonDTO.swift in Sources */,
				AC9D43AB2A261E6600E7F2F0 /* Protocols.swift in Sources */,
				ACA2B6142A0D93810065CBB1 /* SearchScreenView.swift in Sources */,
				AC91031B2A0EBBA000B76BB3 /* CustomButton.swift in Sources */,
				AC8FB3C82A27A64700F3E55F /* UIApplicationExtension.swift in Sources */,
				AC95C3C02A267F0E009D4F2D /* R.swift in Sources */,
				AC964BED2A24D47A00C886CC /* CustomSelect.swift in Sources */,
				AC91031F2A0EE44200B76BB3 /* PictureBox.swift in Sources */,
				ACA2B5ED2A0D5D170065CBB1 /* ContentView.swift in Sources */,
				AC9305A32A0E6DCA00DC687C /* FilterCategoryExtension.swift in Sources */,
				ACAD0CF52A292469004B947D /* MoviePosterBox.swift in Sources */,
				AC9103252A0EF35000B76BB3 /* MovieScreenView.swift in Sources */,
				AC9D43AE2A261F0000E7F2F0 /* DTOConverter.swift in Sources */,
				AC9D43A92A261E3100E7F2F0 /* MovieDTO.swift in Sources */,
				ACAD0CE92A28DA29004B947D /* GenreEntity.swift in Sources */,
				AC8FB3C62A279A6300F3E55F /* ShareService.swift in Sources */,
				ACA2B6102A0D8ABE0065CBB1 /* LoginScreenView.swift in Sources */,
				AC95C3D72A26A8CF009D4F2D /* MovieRatingEntity.swift in Sources */,
				ACAD0CEB2A28DD0A004B947D /* GenreModel.swift in Sources */,
				ACAD0CF32A290F75004B947D /* CustomMovieScreenView.swift in Sources */,
				AC964BFF2A2546BF00C886CC /* NetworkPaginator.swift in Sources */,
				AC9103182A0EB63300B76BB3 /* SearchViewModel.swift in Sources */,
				AC97C62A2A126BD100BC19BE /* MovieDetailModel.swift in Sources */,
				AC42073C2A12D95700974A6B /* ScrollViewOffsetPreferenceKey.swift in Sources */,
				AC8FB3C42A27978800F3E55F /* MovieRatingRepository.swift in Sources */,
				ACA2B6162A0D93A30065CBB1 /* BookmarkScreenView.swift in Sources */,
				ACA2B5EB2A0D5D170065CBB1 /* MovieTimeApp.swift in Sources */,
				AC0E5AA02A22BAA40055C0F5 /* MovieCard.swift in Sources */,
				AC91031D2A0EC4E500B76BB3 /* CustomCheckbox.swift in Sources */,
				AC0E5A9C2A22AB210055C0F5 /* BookmarkViewModel.swift in Sources */,
				AC97C6282A125AD600BC19BE /* MovieDetailViewModel.swift in Sources */,
				AC99272D2A181917004AFB53 /* AsyncImage.swift in Sources */,
				AC98B1FD2A10168B003CCD30 /* NetworkManager.swift in Sources */,
				AC94143E2A16E0E00093F260 /* PersonCard.swift in Sources */,
				AC97C6262A125A3100BC19BE /* LoadingIndicator.swift in Sources */,
				AC9973172A1BFF51006871CF /* AuthViewModel.swift in Sources */,
				AC9305A12A0E6D7D00DC687C /* FilterCategoryModel.swift in Sources */,
				AC95C3D52A26A8B2009D4F2D /* MovieEntity.swift in Sources */,
				ACA2B6042A0D6EB60065CBB1 /* TextExtension.swift in Sources */,
				AC8FB3CA2A27C17C00F3E55F /* StringFormatter.swift in Sources */,
				ACAD0CF12A28FDE1004B947D /* DeviceImage.swift in Sources */,
				AC9534662A190D3300244118 /* AppConfig.swift in Sources */,
				ACA2B6022A0D6C2E0065CBB1 /* FontExtension.swift in Sources */,
				AC964BF02A25213B00C886CC /* KinopoiskAPI.swift in Sources */,
				ACA2B6092A0D73A60065CBB1 /* ColorExtension.swift in Sources */,
				ACA250032A0E7EF100DA11E0 /* ViewExtension.swift in Sources */,
				ACA2B6122A0D8B5C0065CBB1 /* MainScreenView.swift in Sources */,
				AC9414402A16E5E50093F260 /* RatingStars.swift in Sources */,
				AC9103232A0EECDE00B76BB3 /* Injection.swift in Sources */,
			);
			runOnlyForDeploymentPostprocessing = 0;
		};
/* End PBXSourcesBuildPhase section */

/* Begin XCBuildConfiguration section */
		ACA2B5F32A0D5D190065CBB1 /* Debug */ = {
			isa = XCBuildConfiguration;
			buildSettings = {
				ALWAYS_SEARCH_USER_PATHS = NO;
				CLANG_ANALYZER_NONNULL = YES;
				CLANG_ANALYZER_NUMBER_OBJECT_CONVERSION = YES_AGGRESSIVE;
				CLANG_CXX_LANGUAGE_STANDARD = "gnu++20";
				CLANG_ENABLE_MODULES = YES;
				CLANG_ENABLE_OBJC_ARC = YES;
				CLANG_ENABLE_OBJC_WEAK = YES;
				CLANG_WARN_BLOCK_CAPTURE_AUTORELEASING = YES;
				CLANG_WARN_BOOL_CONVERSION = YES;
				CLANG_WARN_COMMA = YES;
				CLANG_WARN_CONSTANT_CONVERSION = YES;
				CLANG_WARN_DEPRECATED_OBJC_IMPLEMENTATIONS = YES;
				CLANG_WARN_DIRECT_OBJC_ISA_USAGE = YES_ERROR;
				CLANG_WARN_DOCUMENTATION_COMMENTS = YES;
				CLANG_WARN_EMPTY_BODY = YES;
				CLANG_WARN_ENUM_CONVERSION = YES;
				CLANG_WARN_INFINITE_RECURSION = YES;
				CLANG_WARN_INT_CONVERSION = YES;
				CLANG_WARN_NON_LITERAL_NULL_CONVERSION = YES;
				CLANG_WARN_OBJC_IMPLICIT_RETAIN_SELF = YES;
				CLANG_WARN_OBJC_LITERAL_CONVERSION = YES;
				CLANG_WARN_OBJC_ROOT_CLASS = YES_ERROR;
				CLANG_WARN_QUOTED_INCLUDE_IN_FRAMEWORK_HEADER = YES;
				CLANG_WARN_RANGE_LOOP_ANALYSIS = YES;
				CLANG_WARN_STRICT_PROTOTYPES = YES;
				CLANG_WARN_SUSPICIOUS_MOVE = YES;
				CLANG_WARN_UNGUARDED_AVAILABILITY = YES_AGGRESSIVE;
				CLANG_WARN_UNREACHABLE_CODE = YES;
				CLANG_WARN__DUPLICATE_METHOD_MATCH = YES;
				COPY_PHASE_STRIP = NO;
				DEBUG_INFORMATION_FORMAT = dwarf;
				ENABLE_STRICT_OBJC_MSGSEND = YES;
				ENABLE_TESTABILITY = YES;
				GCC_C_LANGUAGE_STANDARD = gnu11;
				GCC_DYNAMIC_NO_PIC = NO;
				GCC_NO_COMMON_BLOCKS = YES;
				GCC_OPTIMIZATION_LEVEL = 0;
				GCC_PREPROCESSOR_DEFINITIONS = (
					"DEBUG=1",
					"$(inherited)",
				);
				GCC_WARN_64_TO_32_BIT_CONVERSION = YES;
				GCC_WARN_ABOUT_RETURN_TYPE = YES_ERROR;
				GCC_WARN_UNDECLARED_SELECTOR = YES;
				GCC_WARN_UNINITIALIZED_AUTOS = YES_AGGRESSIVE;
				GCC_WARN_UNUSED_FUNCTION = YES;
				GCC_WARN_UNUSED_VARIABLE = YES;
				IPHONEOS_DEPLOYMENT_TARGET = 16.0;
				MTL_ENABLE_DEBUG_INFO = INCLUDE_SOURCE;
				MTL_FAST_MATH = YES;
				ONLY_ACTIVE_ARCH = YES;
				SDKROOT = iphoneos;
				SWIFT_ACTIVE_COMPILATION_CONDITIONS = DEBUG;
				SWIFT_OPTIMIZATION_LEVEL = "-Onone";
			};
			name = Debug;
		};
		ACA2B5F42A0D5D190065CBB1 /* Release */ = {
			isa = XCBuildConfiguration;
			buildSettings = {
				ALWAYS_SEARCH_USER_PATHS = NO;
				CLANG_ANALYZER_NONNULL = YES;
				CLANG_ANALYZER_NUMBER_OBJECT_CONVERSION = YES_AGGRESSIVE;
				CLANG_CXX_LANGUAGE_STANDARD = "gnu++20";
				CLANG_ENABLE_MODULES = YES;
				CLANG_ENABLE_OBJC_ARC = YES;
				CLANG_ENABLE_OBJC_WEAK = YES;
				CLANG_WARN_BLOCK_CAPTURE_AUTORELEASING = YES;
				CLANG_WARN_BOOL_CONVERSION = YES;
				CLANG_WARN_COMMA = YES;
				CLANG_WARN_CONSTANT_CONVERSION = YES;
				CLANG_WARN_DEPRECATED_OBJC_IMPLEMENTATIONS = YES;
				CLANG_WARN_DIRECT_OBJC_ISA_USAGE = YES_ERROR;
				CLANG_WARN_DOCUMENTATION_COMMENTS = YES;
				CLANG_WARN_EMPTY_BODY = YES;
				CLANG_WARN_ENUM_CONVERSION = YES;
				CLANG_WARN_INFINITE_RECURSION = YES;
				CLANG_WARN_INT_CONVERSION = YES;
				CLANG_WARN_NON_LITERAL_NULL_CONVERSION = YES;
				CLANG_WARN_OBJC_IMPLICIT_RETAIN_SELF = YES;
				CLANG_WARN_OBJC_LITERAL_CONVERSION = YES;
				CLANG_WARN_OBJC_ROOT_CLASS = YES_ERROR;
				CLANG_WARN_QUOTED_INCLUDE_IN_FRAMEWORK_HEADER = YES;
				CLANG_WARN_RANGE_LOOP_ANALYSIS = YES;
				CLANG_WARN_STRICT_PROTOTYPES = YES;
				CLANG_WARN_SUSPICIOUS_MOVE = YES;
				CLANG_WARN_UNGUARDED_AVAILABILITY = YES_AGGRESSIVE;
				CLANG_WARN_UNREACHABLE_CODE = YES;
				CLANG_WARN__DUPLICATE_METHOD_MATCH = YES;
				COPY_PHASE_STRIP = NO;
				DEBUG_INFORMATION_FORMAT = "dwarf-with-dsym";
				ENABLE_NS_ASSERTIONS = NO;
				ENABLE_STRICT_OBJC_MSGSEND = YES;
				GCC_C_LANGUAGE_STANDARD = gnu11;
				GCC_NO_COMMON_BLOCKS = YES;
				GCC_WARN_64_TO_32_BIT_CONVERSION = YES;
				GCC_WARN_ABOUT_RETURN_TYPE = YES_ERROR;
				GCC_WARN_UNDECLARED_SELECTOR = YES;
				GCC_WARN_UNINITIALIZED_AUTOS = YES_AGGRESSIVE;
				GCC_WARN_UNUSED_FUNCTION = YES;
				GCC_WARN_UNUSED_VARIABLE = YES;
				IPHONEOS_DEPLOYMENT_TARGET = 16.0;
				MTL_ENABLE_DEBUG_INFO = NO;
				MTL_FAST_MATH = YES;
				SDKROOT = iphoneos;
				SWIFT_COMPILATION_MODE = wholemodule;
				SWIFT_OPTIMIZATION_LEVEL = "-O";
				VALIDATE_PRODUCT = YES;
			};
			name = Release;
		};
		ACA2B5F62A0D5D190065CBB1 /* Debug */ = {
			isa = XCBuildConfiguration;
			baseConfigurationReference = 0925FC1C985F4163B5590F84 /* Pods-MovieTime.debug.xcconfig */;
			buildSettings = {
				ASSETCATALOG_COMPILER_APPICON_NAME = AppIcon;
				ASSETCATALOG_COMPILER_GLOBAL_ACCENT_COLOR_NAME = AccentColor;
				CODE_SIGN_STYLE = Automatic;
				CURRENT_PROJECT_VERSION = 1;
				DEVELOPMENT_ASSET_PATHS = "\"MovieTime/Preview Content\"";
				DEVELOPMENT_TEAM = XZ25FA7LUT;
				ENABLE_PREVIEWS = YES;
				GENERATE_INFOPLIST_FILE = YES;
				INFOPLIST_FILE = MovieTime/Info.plist;
				INFOPLIST_KEY_LSApplicationCategoryType = "";
				INFOPLIST_KEY_UIApplicationSceneManifest_Generation = YES;
				INFOPLIST_KEY_UIApplicationSupportsIndirectInputEvents = YES;
				INFOPLIST_KEY_UISupportedInterfaceOrientations_iPad = "UIInterfaceOrientationPortrait UIInterfaceOrientationPortraitUpsideDown UIInterfaceOrientationLandscapeLeft UIInterfaceOrientationLandscapeRight";
				INFOPLIST_KEY_UISupportedInterfaceOrientations_iPhone = "UIInterfaceOrientationPortrait UIInterfaceOrientationLandscapeLeft UIInterfaceOrientationLandscapeRight";
				IPHONEOS_DEPLOYMENT_TARGET = 15.0;
				LD_RUNPATH_SEARCH_PATHS = (
					"$(inherited)",
					"@executable_path/Frameworks",
				);
				MARKETING_VERSION = 1.0;
				PRODUCT_BUNDLE_IDENTIFIER = com.timmigri.MovieTime;
				PRODUCT_NAME = "$(TARGET_NAME)";
				SWIFT_EMIT_LOC_STRINGS = YES;
				SWIFT_VERSION = 5.0;
				TARGETED_DEVICE_FAMILY = "1,2";
			};
			name = Debug;
		};
		ACA2B5F72A0D5D190065CBB1 /* Release */ = {
			isa = XCBuildConfiguration;
			baseConfigurationReference = E2F6AA47F525A4217418C67F /* Pods-MovieTime.release.xcconfig */;
			buildSettings = {
				ASSETCATALOG_COMPILER_APPICON_NAME = AppIcon;
				ASSETCATALOG_COMPILER_GLOBAL_ACCENT_COLOR_NAME = AccentColor;
				CODE_SIGN_STYLE = Automatic;
				CURRENT_PROJECT_VERSION = 1;
				DEVELOPMENT_ASSET_PATHS = "\"MovieTime/Preview Content\"";
				DEVELOPMENT_TEAM = XZ25FA7LUT;
				ENABLE_PREVIEWS = YES;
				GENERATE_INFOPLIST_FILE = YES;
				INFOPLIST_FILE = MovieTime/Info.plist;
				INFOPLIST_KEY_LSApplicationCategoryType = "";
				INFOPLIST_KEY_UIApplicationSceneManifest_Generation = YES;
				INFOPLIST_KEY_UIApplicationSupportsIndirectInputEvents = YES;
				INFOPLIST_KEY_UISupportedInterfaceOrientations_iPad = "UIInterfaceOrientationPortrait UIInterfaceOrientationPortraitUpsideDown UIInterfaceOrientationLandscapeLeft UIInterfaceOrientationLandscapeRight";
				INFOPLIST_KEY_UISupportedInterfaceOrientations_iPhone = "UIInterfaceOrientationPortrait UIInterfaceOrientationLandscapeLeft UIInterfaceOrientationLandscapeRight";
				IPHONEOS_DEPLOYMENT_TARGET = 15.0;
				LD_RUNPATH_SEARCH_PATHS = (
					"$(inherited)",
					"@executable_path/Frameworks",
				);
				MARKETING_VERSION = 1.0;
				PRODUCT_BUNDLE_IDENTIFIER = com.timmigri.MovieTime;
				PRODUCT_NAME = "$(TARGET_NAME)";
				SWIFT_EMIT_LOC_STRINGS = YES;
				SWIFT_VERSION = 5.0;
				TARGETED_DEVICE_FAMILY = "1,2";
			};
			name = Release;
		};
/* End XCBuildConfiguration section */

/* Begin XCConfigurationList section */
		ACA2B5E22A0D5D170065CBB1 /* Build configuration list for PBXProject "MovieTime" */ = {
			isa = XCConfigurationList;
			buildConfigurations = (
				ACA2B5F32A0D5D190065CBB1 /* Debug */,
				ACA2B5F42A0D5D190065CBB1 /* Release */,
			);
			defaultConfigurationIsVisible = 0;
			defaultConfigurationName = Release;
		};
		ACA2B5F52A0D5D190065CBB1 /* Build configuration list for PBXNativeTarget "MovieTime" */ = {
			isa = XCConfigurationList;
			buildConfigurations = (
				ACA2B5F62A0D5D190065CBB1 /* Debug */,
				ACA2B5F72A0D5D190065CBB1 /* Release */,
			);
			defaultConfigurationIsVisible = 0;
			defaultConfigurationName = Release;
		};
/* End XCConfigurationList section */
	};
	rootObject = ACA2B5DF2A0D5D170065CBB1 /* Project object */;
}
